
Microsoft Visual Studio Solution File, Format Version 11.00
# Visual Studio 2010
Project("{FAE04EC0-301F-11D3-BF4B-00C04F79EFBC}") = "IronJS", "IronJS\IronJS.csproj", "{1D95D363-4B2A-49F1-9614-7CA00129AAA5}"
EndProject
Project("{FAE04EC0-301F-11D3-BF4B-00C04F79EFBC}") = "IronJS.Console", "IronJS.Console\IronJS.Console.csproj", "{FC885AA2-AB5A-404A-9059-98D00A8E6C0C}"
EndProject
Project("{2150E333-8FDC-42A3-9474-1A3956D46DE8}") = "Solution Items", "Solution Items", "{7B29A318-9F08-4970-AA2E-759DE1C11312}"
	ProjectSection(SolutionItems) = preProject
		IronJS.vsmdi = IronJS.vsmdi
		LICENSE.txt = LICENSE.txt
		Local.testsettings = Local.testsettings
		README.markdown = README.markdown
		Docs\TECH.txt = Docs\TECH.txt
		TraceAndTestImpact.testsettings = TraceAndTestImpact.testsettings
	EndProjectSection
EndProject
Project("{FAE04EC0-301F-11D3-BF4B-00C04F79EFBC}") = "IronJS.Tests", "IronJS.Tests\IronJS.Tests.csproj", "{EF89C8AC-7FC0-4A17-A107-B97451665827}"
EndProject
Project("{FAE04EC0-301F-11D3-BF4B-00C04F79EFBC}") = "Microsoft.Dynamic.Build", "Libs\Microsoft.Dynamic\Microsoft.Dynamic.Build.csproj", "{D4AE44AD-07B9-41DC-BB3B-1FDCDE3C987D}"
EndProject
Project("{FAE04EC0-301F-11D3-BF4B-00C04F79EFBC}") = "Microsoft.Scripting.Build", "Libs\Microsoft.Scripting\Microsoft.Scripting.Build.csproj", "{EB66B766-6354-4208-A3D4-AACBDCB5C3B3}"
EndProject
Project("{FAE04EC0-301F-11D3-BF4B-00C04F79EFBC}") = "Microsoft.Scripting.Debugging.Build", "Libs\Microsoft.Scripting.Debugging\Microsoft.Scripting.Debugging.Build.csproj", "{ED82A346-1CD9-4CB0-9C00-4CDD4CF577CF}"
EndProject
Project("{FAE04EC0-301F-11D3-BF4B-00C04F79EFBC}") = "Microsoft.Scripting.ExtensionAttribute", "Libs\Microsoft.Scripting.Core\Microsoft.Scripting.ExtensionAttribute.csproj", "{8B0F1074-750E-4D64-BF23-A1E0F54261E5}"
EndProject
Project("{FAE04EC0-301F-11D3-BF4B-00C04F79EFBC}") = "Microsoft.Scripting.Core", "Libs\Microsoft.Scripting.Core\Microsoft.Scripting.Core.csproj", "{2FF9CE93-4FDD-43D2-880D-E334EB860B10}"
EndProject
Project("{2150E333-8FDC-42A3-9474-1A3956D46DE8}") = "DLR", "DLR", "{2805BC79-B39E-4B73-A947-603B7B260081}"
EndProject
Global
	GlobalSection(TestCaseManagementSettings) = postSolution
		CategoryFile = IronJS.vsmdi
	EndGlobalSection
	GlobalSection(SolutionConfigurationPlatforms) = preSolution
		Debug|Any CPU = Debug|Any CPU
		Debug|Mixed Platforms = Debug|Mixed Platforms
		Debug|x64 = Debug|x64
		Debug|x86 = Debug|x86
		FxCop|Any CPU = FxCop|Any CPU
		FxCop|Mixed Platforms = FxCop|Mixed Platforms
		FxCop|x64 = FxCop|x64
		FxCop|x86 = FxCop|x86
		Release|Any CPU = Release|Any CPU
		Release|Mixed Platforms = Release|Mixed Platforms
		Release|x64 = Release|x64
		Release|x86 = Release|x86
		Silverlight 4 Debug|Any CPU = Silverlight 4 Debug|Any CPU
		Silverlight 4 Debug|Mixed Platforms = Silverlight 4 Debug|Mixed Platforms
		Silverlight 4 Debug|x64 = Silverlight 4 Debug|x64
		Silverlight 4 Debug|x86 = Silverlight 4 Debug|x86
		Silverlight 4 Release|Any CPU = Silverlight 4 Release|Any CPU
		Silverlight 4 Release|Mixed Platforms = Silverlight 4 Release|Mixed Platforms
		Silverlight 4 Release|x64 = Silverlight 4 Release|x64
		Silverlight 4 Release|x86 = Silverlight 4 Release|x86
		Silverlight Debug|Any CPU = Silverlight Debug|Any CPU
		Silverlight Debug|Mixed Platforms = Silverlight Debug|Mixed Platforms
		Silverlight Debug|x64 = Silverlight Debug|x64
		Silverlight Debug|x86 = Silverlight Debug|x86
		Silverlight Release|Any CPU = Silverlight Release|Any CPU
		Silverlight Release|Mixed Platforms = Silverlight Release|Mixed Platforms
		Silverlight Release|x64 = Silverlight Release|x64
		Silverlight Release|x86 = Silverlight Release|x86
		V4 Debug|Any CPU = V4 Debug|Any CPU
		V4 Debug|Mixed Platforms = V4 Debug|Mixed Platforms
		V4 Debug|x64 = V4 Debug|x64
		V4 Debug|x86 = V4 Debug|x86
		V4 Release|Any CPU = V4 Release|Any CPU
		V4 Release|Mixed Platforms = V4 Release|Mixed Platforms
		V4 Release|x64 = V4 Release|x64
		V4 Release|x86 = V4 Release|x86
	EndGlobalSection
	GlobalSection(ProjectConfigurationPlatforms) = postSolution
		{1D95D363-4B2A-49F1-9614-7CA00129AAA5}.Debug|Any CPU.ActiveCfg = Debug|Any CPU
		{1D95D363-4B2A-49F1-9614-7CA00129AAA5}.Debug|Any CPU.Build.0 = Debug|Any CPU
		{1D95D363-4B2A-49F1-9614-7CA00129AAA5}.Debug|Mixed Platforms.ActiveCfg = Debug|Any CPU
		{1D95D363-4B2A-49F1-9614-7CA00129AAA5}.Debug|Mixed Platforms.Build.0 = Debug|Any CPU
		{1D95D363-4B2A-49F1-9614-7CA00129AAA5}.Debug|x64.ActiveCfg = Debug|x64
		{1D95D363-4B2A-49F1-9614-7CA00129AAA5}.Debug|x64.Build.0 = Debug|x64
		{1D95D363-4B2A-49F1-9614-7CA00129AAA5}.Debug|x86.ActiveCfg = Debug|x86
		{1D95D363-4B2A-49F1-9614-7CA00129AAA5}.Debug|x86.Build.0 = Debug|x86
		{1D95D363-4B2A-49F1-9614-7CA00129AAA5}.FxCop|Any CPU.ActiveCfg = Release|x64
		{1D95D363-4B2A-49F1-9614-7CA00129AAA5}.FxCop|Mixed Platforms.ActiveCfg = Release|x64
		{1D95D363-4B2A-49F1-9614-7CA00129AAA5}.FxCop|Mixed Platforms.Build.0 = Release|x64
		{1D95D363-4B2A-49F1-9614-7CA00129AAA5}.FxCop|x64.ActiveCfg = Release|x64
		{1D95D363-4B2A-49F1-9614-7CA00129AAA5}.FxCop|x64.Build.0 = Release|x64
		{1D95D363-4B2A-49F1-9614-7CA00129AAA5}.FxCop|x86.ActiveCfg = Release|x64
		{1D95D363-4B2A-49F1-9614-7CA00129AAA5}.Release|Any CPU.ActiveCfg = Release|Any CPU
		{1D95D363-4B2A-49F1-9614-7CA00129AAA5}.Release|Any CPU.Build.0 = Release|Any CPU
		{1D95D363-4B2A-49F1-9614-7CA00129AAA5}.Release|Mixed Platforms.ActiveCfg = Release|Any CPU
		{1D95D363-4B2A-49F1-9614-7CA00129AAA5}.Release|Mixed Platforms.Build.0 = Release|Any CPU
		{1D95D363-4B2A-49F1-9614-7CA00129AAA5}.Release|x64.ActiveCfg = Release|x64
		{1D95D363-4B2A-49F1-9614-7CA00129AAA5}.Release|x64.Build.0 = Release|x64
		{1D95D363-4B2A-49F1-9614-7CA00129AAA5}.Release|x86.ActiveCfg = Release|x86
		{1D95D363-4B2A-49F1-9614-7CA00129AAA5}.Release|x86.Build.0 = Release|x86
		{1D95D363-4B2A-49F1-9614-7CA00129AAA5}.Silverlight 4 Debug|Any CPU.ActiveCfg = Debug|Any CPU
		{1D95D363-4B2A-49F1-9614-7CA00129AAA5}.Silverlight 4 Debug|Any CPU.Build.0 = Debug|Any CPU
		{1D95D363-4B2A-49F1-9614-7CA00129AAA5}.Silverlight 4 Debug|Mixed Platforms.ActiveCfg = Debug|x64
		{1D95D363-4B2A-49F1-9614-7CA00129AAA5}.Silverlight 4 Debug|Mixed Platforms.Build.0 = Debug|x64
		{1D95D363-4B2A-49F1-9614-7CA00129AAA5}.Silverlight 4 Debug|x64.ActiveCfg = Debug|x64
		{1D95D363-4B2A-49F1-9614-7CA00129AAA5}.Silverlight 4 Debug|x64.Build.0 = Debug|x64
		{1D95D363-4B2A-49F1-9614-7CA00129AAA5}.Silverlight 4 Debug|x86.ActiveCfg = Debug|x86
		{1D95D363-4B2A-49F1-9614-7CA00129AAA5}.Silverlight 4 Debug|x86.Build.0 = Debug|x86
		{1D95D363-4B2A-49F1-9614-7CA00129AAA5}.Silverlight 4 Release|Any CPU.ActiveCfg = Release|Any CPU
		{1D95D363-4B2A-49F1-9614-7CA00129AAA5}.Silverlight 4 Release|Any CPU.Build.0 = Release|Any CPU
		{1D95D363-4B2A-49F1-9614-7CA00129AAA5}.Silverlight 4 Release|Mixed Platforms.ActiveCfg = Release|x64
		{1D95D363-4B2A-49F1-9614-7CA00129AAA5}.Silverlight 4 Release|Mixed Platforms.Build.0 = Release|x64
		{1D95D363-4B2A-49F1-9614-7CA00129AAA5}.Silverlight 4 Release|x64.ActiveCfg = Release|x64
		{1D95D363-4B2A-49F1-9614-7CA00129AAA5}.Silverlight 4 Release|x64.Build.0 = Release|x64
		{1D95D363-4B2A-49F1-9614-7CA00129AAA5}.Silverlight 4 Release|x86.ActiveCfg = Release|x86
		{1D95D363-4B2A-49F1-9614-7CA00129AAA5}.Silverlight 4 Release|x86.Build.0 = Release|x86
		{1D95D363-4B2A-49F1-9614-7CA00129AAA5}.Silverlight Debug|Any CPU.ActiveCfg = Debug|Any CPU
		{1D95D363-4B2A-49F1-9614-7CA00129AAA5}.Silverlight Debug|Any CPU.Build.0 = Debug|Any CPU
		{1D95D363-4B2A-49F1-9614-7CA00129AAA5}.Silverlight Debug|Mixed Platforms.ActiveCfg = Debug|x64
		{1D95D363-4B2A-49F1-9614-7CA00129AAA5}.Silverlight Debug|Mixed Platforms.Build.0 = Debug|x64
		{1D95D363-4B2A-49F1-9614-7CA00129AAA5}.Silverlight Debug|x64.ActiveCfg = Debug|x64
		{1D95D363-4B2A-49F1-9614-7CA00129AAA5}.Silverlight Debug|x64.Build.0 = Debug|x64
		{1D95D363-4B2A-49F1-9614-7CA00129AAA5}.Silverlight Debug|x86.ActiveCfg = Debug|x86
		{1D95D363-4B2A-49F1-9614-7CA00129AAA5}.Silverlight Debug|x86.Build.0 = Debug|x86
		{1D95D363-4B2A-49F1-9614-7CA00129AAA5}.Silverlight Release|Any CPU.ActiveCfg = Release|Any CPU
		{1D95D363-4B2A-49F1-9614-7CA00129AAA5}.Silverlight Release|Any CPU.Build.0 = Release|Any CPU
		{1D95D363-4B2A-49F1-9614-7CA00129AAA5}.Silverlight Release|Mixed Platforms.ActiveCfg = Release|x64
		{1D95D363-4B2A-49F1-9614-7CA00129AAA5}.Silverlight Release|Mixed Platforms.Build.0 = Release|x64
		{1D95D363-4B2A-49F1-9614-7CA00129AAA5}.Silverlight Release|x64.ActiveCfg = Release|x64
		{1D95D363-4B2A-49F1-9614-7CA00129AAA5}.Silverlight Release|x64.Build.0 = Release|x64
		{1D95D363-4B2A-49F1-9614-7CA00129AAA5}.Silverlight Release|x86.ActiveCfg = Release|x86
		{1D95D363-4B2A-49F1-9614-7CA00129AAA5}.Silverlight Release|x86.Build.0 = Release|x86
		{1D95D363-4B2A-49F1-9614-7CA00129AAA5}.V4 Debug|Any CPU.ActiveCfg = Debug|Any CPU
		{1D95D363-4B2A-49F1-9614-7CA00129AAA5}.V4 Debug|Any CPU.Build.0 = Debug|Any CPU
		{1D95D363-4B2A-49F1-9614-7CA00129AAA5}.V4 Debug|Mixed Platforms.ActiveCfg = Debug|x64
		{1D95D363-4B2A-49F1-9614-7CA00129AAA5}.V4 Debug|Mixed Platforms.Build.0 = Debug|x64
		{1D95D363-4B2A-49F1-9614-7CA00129AAA5}.V4 Debug|x64.ActiveCfg = Debug|x64
		{1D95D363-4B2A-49F1-9614-7CA00129AAA5}.V4 Debug|x64.Build.0 = Debug|x64
		{1D95D363-4B2A-49F1-9614-7CA00129AAA5}.V4 Debug|x86.ActiveCfg = Debug|x86
		{1D95D363-4B2A-49F1-9614-7CA00129AAA5}.V4 Debug|x86.Build.0 = Debug|x86
		{1D95D363-4B2A-49F1-9614-7CA00129AAA5}.V4 Release|Any CPU.ActiveCfg = Release|Any CPU
		{1D95D363-4B2A-49F1-9614-7CA00129AAA5}.V4 Release|Any CPU.Build.0 = Release|Any CPU
		{1D95D363-4B2A-49F1-9614-7CA00129AAA5}.V4 Release|Mixed Platforms.ActiveCfg = Release|x64
		{1D95D363-4B2A-49F1-9614-7CA00129AAA5}.V4 Release|Mixed Platforms.Build.0 = Release|x64
		{1D95D363-4B2A-49F1-9614-7CA00129AAA5}.V4 Release|x64.ActiveCfg = Release|x64
		{1D95D363-4B2A-49F1-9614-7CA00129AAA5}.V4 Release|x64.Build.0 = Release|x64
		{1D95D363-4B2A-49F1-9614-7CA00129AAA5}.V4 Release|x86.ActiveCfg = Release|x86
		{1D95D363-4B2A-49F1-9614-7CA00129AAA5}.V4 Release|x86.Build.0 = Release|x86
		{FC885AA2-AB5A-404A-9059-98D00A8E6C0C}.Debug|Any CPU.ActiveCfg = Debug|x86
		{FC885AA2-AB5A-404A-9059-98D00A8E6C0C}.Debug|Mixed Platforms.ActiveCfg = Debug|x86
		{FC885AA2-AB5A-404A-9059-98D00A8E6C0C}.Debug|Mixed Platforms.Build.0 = Debug|x86
		{FC885AA2-AB5A-404A-9059-98D00A8E6C0C}.Debug|x64.ActiveCfg = Debug|x64
		{FC885AA2-AB5A-404A-9059-98D00A8E6C0C}.Debug|x64.Build.0 = Debug|x64
		{FC885AA2-AB5A-404A-9059-98D00A8E6C0C}.Debug|x86.ActiveCfg = Debug|x86
		{FC885AA2-AB5A-404A-9059-98D00A8E6C0C}.Debug|x86.Build.0 = Debug|x86
		{FC885AA2-AB5A-404A-9059-98D00A8E6C0C}.FxCop|Any CPU.ActiveCfg = Release|x64
		{FC885AA2-AB5A-404A-9059-98D00A8E6C0C}.FxCop|Mixed Platforms.ActiveCfg = Release|x64
		{FC885AA2-AB5A-404A-9059-98D00A8E6C0C}.FxCop|Mixed Platforms.Build.0 = Release|x64
		{FC885AA2-AB5A-404A-9059-98D00A8E6C0C}.FxCop|x64.ActiveCfg = Release|x64
		{FC885AA2-AB5A-404A-9059-98D00A8E6C0C}.FxCop|x64.Build.0 = Release|x64
		{FC885AA2-AB5A-404A-9059-98D00A8E6C0C}.FxCop|x86.ActiveCfg = Release|x64
		{FC885AA2-AB5A-404A-9059-98D00A8E6C0C}.Release|Any CPU.ActiveCfg = Release|x86
		{FC885AA2-AB5A-404A-9059-98D00A8E6C0C}.Release|Mixed Platforms.ActiveCfg = Release|x86
		{FC885AA2-AB5A-404A-9059-98D00A8E6C0C}.Release|Mixed Platforms.Build.0 = Release|x86
		{FC885AA2-AB5A-404A-9059-98D00A8E6C0C}.Release|x64.ActiveCfg = Release|x64
		{FC885AA2-AB5A-404A-9059-98D00A8E6C0C}.Release|x64.Build.0 = Release|x64
		{FC885AA2-AB5A-404A-9059-98D00A8E6C0C}.Release|x86.ActiveCfg = Release|x86
		{FC885AA2-AB5A-404A-9059-98D00A8E6C0C}.Release|x86.Build.0 = Release|x86
		{FC885AA2-AB5A-404A-9059-98D00A8E6C0C}.Silverlight 4 Debug|Any CPU.ActiveCfg = Debug|x64
		{FC885AA2-AB5A-404A-9059-98D00A8E6C0C}.Silverlight 4 Debug|Mixed Platforms.ActiveCfg = Debug|x64
		{FC885AA2-AB5A-404A-9059-98D00A8E6C0C}.Silverlight 4 Debug|Mixed Platforms.Build.0 = Debug|x64
		{FC885AA2-AB5A-404A-9059-98D00A8E6C0C}.Silverlight 4 Debug|x64.ActiveCfg = Debug|x64
		{FC885AA2-AB5A-404A-9059-98D00A8E6C0C}.Silverlight 4 Debug|x64.Build.0 = Debug|x64
		{FC885AA2-AB5A-404A-9059-98D00A8E6C0C}.Silverlight 4 Debug|x86.ActiveCfg = Debug|x86
		{FC885AA2-AB5A-404A-9059-98D00A8E6C0C}.Silverlight 4 Debug|x86.Build.0 = Debug|x86
		{FC885AA2-AB5A-404A-9059-98D00A8E6C0C}.Silverlight 4 Release|Any CPU.ActiveCfg = Release|x64
		{FC885AA2-AB5A-404A-9059-98D00A8E6C0C}.Silverlight 4 Release|Mixed Platforms.ActiveCfg = Release|x64
		{FC885AA2-AB5A-404A-9059-98D00A8E6C0C}.Silverlight 4 Release|Mixed Platforms.Build.0 = Release|x64
		{FC885AA2-AB5A-404A-9059-98D00A8E6C0C}.Silverlight 4 Release|x64.ActiveCfg = Release|x64
		{FC885AA2-AB5A-404A-9059-98D00A8E6C0C}.Silverlight 4 Release|x64.Build.0 = Release|x64
		{FC885AA2-AB5A-404A-9059-98D00A8E6C0C}.Silverlight 4 Release|x86.ActiveCfg = Release|x86
		{FC885AA2-AB5A-404A-9059-98D00A8E6C0C}.Silverlight 4 Release|x86.Build.0 = Release|x86
		{FC885AA2-AB5A-404A-9059-98D00A8E6C0C}.Silverlight Debug|Any CPU.ActiveCfg = Debug|x64
		{FC885AA2-AB5A-404A-9059-98D00A8E6C0C}.Silverlight Debug|Mixed Platforms.ActiveCfg = Debug|x64
		{FC885AA2-AB5A-404A-9059-98D00A8E6C0C}.Silverlight Debug|Mixed Platforms.Build.0 = Debug|x64
		{FC885AA2-AB5A-404A-9059-98D00A8E6C0C}.Silverlight Debug|x64.ActiveCfg = Debug|x64
		{FC885AA2-AB5A-404A-9059-98D00A8E6C0C}.Silverlight Debug|x64.Build.0 = Debug|x64
		{FC885AA2-AB5A-404A-9059-98D00A8E6C0C}.Silverlight Debug|x86.ActiveCfg = Debug|x86
		{FC885AA2-AB5A-404A-9059-98D00A8E6C0C}.Silverlight Debug|x86.Build.0 = Debug|x86
		{FC885AA2-AB5A-404A-9059-98D00A8E6C0C}.Silverlight Release|Any CPU.ActiveCfg = Release|x64
		{FC885AA2-AB5A-404A-9059-98D00A8E6C0C}.Silverlight Release|Mixed Platforms.ActiveCfg = Release|x64
		{FC885AA2-AB5A-404A-9059-98D00A8E6C0C}.Silverlight Release|Mixed Platforms.Build.0 = Release|x64
		{FC885AA2-AB5A-404A-9059-98D00A8E6C0C}.Silverlight Release|x64.ActiveCfg = Release|x64
		{FC885AA2-AB5A-404A-9059-98D00A8E6C0C}.Silverlight Release|x64.Build.0 = Release|x64
		{FC885AA2-AB5A-404A-9059-98D00A8E6C0C}.Silverlight Release|x86.ActiveCfg = Release|x86
		{FC885AA2-AB5A-404A-9059-98D00A8E6C0C}.Silverlight Release|x86.Build.0 = Release|x86
		{FC885AA2-AB5A-404A-9059-98D00A8E6C0C}.V4 Debug|Any CPU.ActiveCfg = Debug|x64
		{FC885AA2-AB5A-404A-9059-98D00A8E6C0C}.V4 Debug|Mixed Platforms.ActiveCfg = Debug|x64
		{FC885AA2-AB5A-404A-9059-98D00A8E6C0C}.V4 Debug|Mixed Platforms.Build.0 = Debug|x64
		{FC885AA2-AB5A-404A-9059-98D00A8E6C0C}.V4 Debug|x64.ActiveCfg = Debug|x64
		{FC885AA2-AB5A-404A-9059-98D00A8E6C0C}.V4 Debug|x64.Build.0 = Debug|x64
		{FC885AA2-AB5A-404A-9059-98D00A8E6C0C}.V4 Debug|x86.ActiveCfg = Debug|x86
		{FC885AA2-AB5A-404A-9059-98D00A8E6C0C}.V4 Debug|x86.Build.0 = Debug|x86
		{FC885AA2-AB5A-404A-9059-98D00A8E6C0C}.V4 Release|Any CPU.ActiveCfg = Release|x64
		{FC885AA2-AB5A-404A-9059-98D00A8E6C0C}.V4 Release|Mixed Platforms.ActiveCfg = Release|x64
		{FC885AA2-AB5A-404A-9059-98D00A8E6C0C}.V4 Release|Mixed Platforms.Build.0 = Release|x64
		{FC885AA2-AB5A-404A-9059-98D00A8E6C0C}.V4 Release|x64.ActiveCfg = Release|x64
		{FC885AA2-AB5A-404A-9059-98D00A8E6C0C}.V4 Release|x64.Build.0 = Release|x64
		{FC885AA2-AB5A-404A-9059-98D00A8E6C0C}.V4 Release|x86.ActiveCfg = Release|x86
		{FC885AA2-AB5A-404A-9059-98D00A8E6C0C}.V4 Release|x86.Build.0 = Release|x86
		{EF89C8AC-7FC0-4A17-A107-B97451665827}.Debug|Any CPU.ActiveCfg = Debug|Any CPU
		{EF89C8AC-7FC0-4A17-A107-B97451665827}.Debug|Any CPU.Build.0 = Debug|Any CPU
		{EF89C8AC-7FC0-4A17-A107-B97451665827}.Debug|Mixed Platforms.ActiveCfg = Debug|Any CPU
		{EF89C8AC-7FC0-4A17-A107-B97451665827}.Debug|Mixed Platforms.Build.0 = Debug|Any CPU
		{EF89C8AC-7FC0-4A17-A107-B97451665827}.Debug|x64.ActiveCfg = Debug|x64
		{EF89C8AC-7FC0-4A17-A107-B97451665827}.Debug|x64.Build.0 = Debug|x64
		{EF89C8AC-7FC0-4A17-A107-B97451665827}.Debug|x86.ActiveCfg = Debug|x86
		{EF89C8AC-7FC0-4A17-A107-B97451665827}.Debug|x86.Build.0 = Debug|x86
		{EF89C8AC-7FC0-4A17-A107-B97451665827}.FxCop|Any CPU.ActiveCfg = Release|x86
		{EF89C8AC-7FC0-4A17-A107-B97451665827}.FxCop|Mixed Platforms.ActiveCfg = Release|x86
		{EF89C8AC-7FC0-4A17-A107-B97451665827}.FxCop|x64.ActiveCfg = Release|x86
		{EF89C8AC-7FC0-4A17-A107-B97451665827}.FxCop|x86.ActiveCfg = Release|x86
		{EF89C8AC-7FC0-4A17-A107-B97451665827}.Release|Any CPU.ActiveCfg = Release|Any CPU
		{EF89C8AC-7FC0-4A17-A107-B97451665827}.Release|Any CPU.Build.0 = Release|Any CPU
		{EF89C8AC-7FC0-4A17-A107-B97451665827}.Release|Mixed Platforms.ActiveCfg = Release|Any CPU
		{EF89C8AC-7FC0-4A17-A107-B97451665827}.Release|Mixed Platforms.Build.0 = Release|Any CPU
		{EF89C8AC-7FC0-4A17-A107-B97451665827}.Release|x64.ActiveCfg = Release|x64
		{EF89C8AC-7FC0-4A17-A107-B97451665827}.Release|x64.Build.0 = Release|x64
		{EF89C8AC-7FC0-4A17-A107-B97451665827}.Release|x86.ActiveCfg = Release|x86
		{EF89C8AC-7FC0-4A17-A107-B97451665827}.Release|x86.Build.0 = Release|x86
		{EF89C8AC-7FC0-4A17-A107-B97451665827}.Silverlight 4 Debug|Any CPU.ActiveCfg = Debug|Any CPU
		{EF89C8AC-7FC0-4A17-A107-B97451665827}.Silverlight 4 Debug|Mixed Platforms.ActiveCfg = Debug|x86
		{EF89C8AC-7FC0-4A17-A107-B97451665827}.Silverlight 4 Debug|x64.ActiveCfg = Debug|x64
		{EF89C8AC-7FC0-4A17-A107-B97451665827}.Silverlight 4 Debug|x86.ActiveCfg = Debug|x86
		{EF89C8AC-7FC0-4A17-A107-B97451665827}.Silverlight 4 Release|Any CPU.ActiveCfg = Release|Any CPU
		{EF89C8AC-7FC0-4A17-A107-B97451665827}.Silverlight 4 Release|Mixed Platforms.ActiveCfg = Release|x86
		{EF89C8AC-7FC0-4A17-A107-B97451665827}.Silverlight 4 Release|x64.ActiveCfg = Release|x64
		{EF89C8AC-7FC0-4A17-A107-B97451665827}.Silverlight 4 Release|x86.ActiveCfg = Release|x86
		{EF89C8AC-7FC0-4A17-A107-B97451665827}.Silverlight Debug|Any CPU.ActiveCfg = Debug|Any CPU
		{EF89C8AC-7FC0-4A17-A107-B97451665827}.Silverlight Debug|Mixed Platforms.ActiveCfg = Debug|x86
		{EF89C8AC-7FC0-4A17-A107-B97451665827}.Silverlight Debug|x64.ActiveCfg = Debug|x64
		{EF89C8AC-7FC0-4A17-A107-B97451665827}.Silverlight Debug|x86.ActiveCfg = Debug|x86
		{EF89C8AC-7FC0-4A17-A107-B97451665827}.Silverlight Release|Any CPU.ActiveCfg = Release|Any CPU
		{EF89C8AC-7FC0-4A17-A107-B97451665827}.Silverlight Release|Mixed Platforms.ActiveCfg = Release|x86
		{EF89C8AC-7FC0-4A17-A107-B97451665827}.Silverlight Release|x64.ActiveCfg = Release|x64
		{EF89C8AC-7FC0-4A17-A107-B97451665827}.Silverlight Release|x86.ActiveCfg = Release|x86
		{EF89C8AC-7FC0-4A17-A107-B97451665827}.V4 Debug|Any CPU.ActiveCfg = Debug|Any CPU
		{EF89C8AC-7FC0-4A17-A107-B97451665827}.V4 Debug|Mixed Platforms.ActiveCfg = Debug|x86
		{EF89C8AC-7FC0-4A17-A107-B97451665827}.V4 Debug|x64.ActiveCfg = Debug|x64
		{EF89C8AC-7FC0-4A17-A107-B97451665827}.V4 Debug|x86.ActiveCfg = Debug|x86
		{EF89C8AC-7FC0-4A17-A107-B97451665827}.V4 Release|Any CPU.ActiveCfg = Release|Any CPU
		{EF89C8AC-7FC0-4A17-A107-B97451665827}.V4 Release|Mixed Platforms.ActiveCfg = Release|x86
		{EF89C8AC-7FC0-4A17-A107-B97451665827}.V4 Release|x64.ActiveCfg = Release|x64
		{EF89C8AC-7FC0-4A17-A107-B97451665827}.V4 Release|x86.ActiveCfg = Release|x86
		{D4AE44AD-07B9-41DC-BB3B-1FDCDE3C987D}.Debug|Any CPU.ActiveCfg = Debug|Any CPU
		{D4AE44AD-07B9-41DC-BB3B-1FDCDE3C987D}.Debug|Any CPU.Build.0 = Debug|Any CPU
		{D4AE44AD-07B9-41DC-BB3B-1FDCDE3C987D}.Debug|Mixed Platforms.ActiveCfg = Debug|Any CPU
		{D4AE44AD-07B9-41DC-BB3B-1FDCDE3C987D}.Debug|Mixed Platforms.Build.0 = Debug|Any CPU
		{D4AE44AD-07B9-41DC-BB3B-1FDCDE3C987D}.Debug|x64.ActiveCfg = Debug|Any CPU
		{D4AE44AD-07B9-41DC-BB3B-1FDCDE3C987D}.Debug|x86.ActiveCfg = Debug|x86
		{D4AE44AD-07B9-41DC-BB3B-1FDCDE3C987D}.Debug|x86.Build.0 = Debug|x86
		{D4AE44AD-07B9-41DC-BB3B-1FDCDE3C987D}.FxCop|Any CPU.ActiveCfg = Release|Any CPU
		{D4AE44AD-07B9-41DC-BB3B-1FDCDE3C987D}.FxCop|Any CPU.Build.0 = Release|Any CPU
		{D4AE44AD-07B9-41DC-BB3B-1FDCDE3C987D}.FxCop|Mixed Platforms.ActiveCfg = Release|Any CPU
		{D4AE44AD-07B9-41DC-BB3B-1FDCDE3C987D}.FxCop|Mixed Platforms.Build.0 = Release|Any CPU
		{D4AE44AD-07B9-41DC-BB3B-1FDCDE3C987D}.FxCop|x64.ActiveCfg = Release|Any CPU
		{D4AE44AD-07B9-41DC-BB3B-1FDCDE3C987D}.FxCop|x86.ActiveCfg = Release|Any CPU
		{D4AE44AD-07B9-41DC-BB3B-1FDCDE3C987D}.Release|Any CPU.ActiveCfg = Release|Any CPU
		{D4AE44AD-07B9-41DC-BB3B-1FDCDE3C987D}.Release|Any CPU.Build.0 = Release|Any CPU
		{D4AE44AD-07B9-41DC-BB3B-1FDCDE3C987D}.Release|Mixed Platforms.ActiveCfg = Release|Any CPU
		{D4AE44AD-07B9-41DC-BB3B-1FDCDE3C987D}.Release|Mixed Platforms.Build.0 = Release|Any CPU
		{D4AE44AD-07B9-41DC-BB3B-1FDCDE3C987D}.Release|x64.ActiveCfg = Release|Any CPU
		{D4AE44AD-07B9-41DC-BB3B-1FDCDE3C987D}.Release|x86.ActiveCfg = Release|x86
		{D4AE44AD-07B9-41DC-BB3B-1FDCDE3C987D}.Release|x86.Build.0 = Release|x86
		{D4AE44AD-07B9-41DC-BB3B-1FDCDE3C987D}.Silverlight 4 Debug|Any CPU.ActiveCfg = Debug|Any CPU
		{D4AE44AD-07B9-41DC-BB3B-1FDCDE3C987D}.Silverlight 4 Debug|Any CPU.Build.0 = Debug|Any CPU
		{D4AE44AD-07B9-41DC-BB3B-1FDCDE3C987D}.Silverlight 4 Debug|Mixed Platforms.ActiveCfg = Debug|Any CPU
		{D4AE44AD-07B9-41DC-BB3B-1FDCDE3C987D}.Silverlight 4 Debug|Mixed Platforms.Build.0 = Debug|Any CPU
		{D4AE44AD-07B9-41DC-BB3B-1FDCDE3C987D}.Silverlight 4 Debug|x64.ActiveCfg = Debug|Any CPU
		{D4AE44AD-07B9-41DC-BB3B-1FDCDE3C987D}.Silverlight 4 Debug|x86.ActiveCfg = Debug|Any CPU
		{D4AE44AD-07B9-41DC-BB3B-1FDCDE3C987D}.Silverlight 4 Release|Any CPU.ActiveCfg = Release|Any CPU
		{D4AE44AD-07B9-41DC-BB3B-1FDCDE3C987D}.Silverlight 4 Release|Any CPU.Build.0 = Release|Any CPU
		{D4AE44AD-07B9-41DC-BB3B-1FDCDE3C987D}.Silverlight 4 Release|Mixed Platforms.ActiveCfg = Release|Any CPU
		{D4AE44AD-07B9-41DC-BB3B-1FDCDE3C987D}.Silverlight 4 Release|Mixed Platforms.Build.0 = Release|Any CPU
		{D4AE44AD-07B9-41DC-BB3B-1FDCDE3C987D}.Silverlight 4 Release|x64.ActiveCfg = Release|Any CPU
		{D4AE44AD-07B9-41DC-BB3B-1FDCDE3C987D}.Silverlight 4 Release|x86.ActiveCfg = Release|Any CPU
		{D4AE44AD-07B9-41DC-BB3B-1FDCDE3C987D}.Silverlight Debug|Any CPU.ActiveCfg = Debug|Any CPU
		{D4AE44AD-07B9-41DC-BB3B-1FDCDE3C987D}.Silverlight Debug|Any CPU.Build.0 = Debug|Any CPU
		{D4AE44AD-07B9-41DC-BB3B-1FDCDE3C987D}.Silverlight Debug|Mixed Platforms.ActiveCfg = Debug|Any CPU
		{D4AE44AD-07B9-41DC-BB3B-1FDCDE3C987D}.Silverlight Debug|Mixed Platforms.Build.0 = Debug|Any CPU
		{D4AE44AD-07B9-41DC-BB3B-1FDCDE3C987D}.Silverlight Debug|x64.ActiveCfg = Debug|Any CPU
		{D4AE44AD-07B9-41DC-BB3B-1FDCDE3C987D}.Silverlight Debug|x86.ActiveCfg = Debug|Any CPU
		{D4AE44AD-07B9-41DC-BB3B-1FDCDE3C987D}.Silverlight Release|Any CPU.ActiveCfg = Release|Any CPU
		{D4AE44AD-07B9-41DC-BB3B-1FDCDE3C987D}.Silverlight Release|Any CPU.Build.0 = Release|Any CPU
		{D4AE44AD-07B9-41DC-BB3B-1FDCDE3C987D}.Silverlight Release|Mixed Platforms.ActiveCfg = Release|Any CPU
		{D4AE44AD-07B9-41DC-BB3B-1FDCDE3C987D}.Silverlight Release|Mixed Platforms.Build.0 = Release|Any CPU
		{D4AE44AD-07B9-41DC-BB3B-1FDCDE3C987D}.Silverlight Release|x64.ActiveCfg = Release|Any CPU
		{D4AE44AD-07B9-41DC-BB3B-1FDCDE3C987D}.Silverlight Release|x86.ActiveCfg = Release|Any CPU
		{D4AE44AD-07B9-41DC-BB3B-1FDCDE3C987D}.V4 Debug|Any CPU.ActiveCfg = Debug|Any CPU
		{D4AE44AD-07B9-41DC-BB3B-1FDCDE3C987D}.V4 Debug|Any CPU.Build.0 = Debug|Any CPU
		{D4AE44AD-07B9-41DC-BB3B-1FDCDE3C987D}.V4 Debug|Mixed Platforms.ActiveCfg = Debug|Any CPU
		{D4AE44AD-07B9-41DC-BB3B-1FDCDE3C987D}.V4 Debug|Mixed Platforms.Build.0 = Debug|Any CPU
		{D4AE44AD-07B9-41DC-BB3B-1FDCDE3C987D}.V4 Debug|x64.ActiveCfg = Debug|Any CPU
		{D4AE44AD-07B9-41DC-BB3B-1FDCDE3C987D}.V4 Debug|x86.ActiveCfg = Debug|Any CPU
		{D4AE44AD-07B9-41DC-BB3B-1FDCDE3C987D}.V4 Release|Any CPU.ActiveCfg = Release|Any CPU
		{D4AE44AD-07B9-41DC-BB3B-1FDCDE3C987D}.V4 Release|Any CPU.Build.0 = Release|Any CPU
		{D4AE44AD-07B9-41DC-BB3B-1FDCDE3C987D}.V4 Release|Mixed Platforms.ActiveCfg = Release|Any CPU
		{D4AE44AD-07B9-41DC-BB3B-1FDCDE3C987D}.V4 Release|Mixed Platforms.Build.0 = Release|Any CPU
		{D4AE44AD-07B9-41DC-BB3B-1FDCDE3C987D}.V4 Release|x64.ActiveCfg = Release|Any CPU
		{D4AE44AD-07B9-41DC-BB3B-1FDCDE3C987D}.V4 Release|x86.ActiveCfg = Release|Any CPU
		{EB66B766-6354-4208-A3D4-AACBDCB5C3B3}.Debug|Any CPU.ActiveCfg = Debug|Any CPU
		{EB66B766-6354-4208-A3D4-AACBDCB5C3B3}.Debug|Any CPU.Build.0 = Debug|Any CPU
		{EB66B766-6354-4208-A3D4-AACBDCB5C3B3}.Debug|Mixed Platforms.ActiveCfg = Debug|Any CPU
		{EB66B766-6354-4208-A3D4-AACBDCB5C3B3}.Debug|Mixed Platforms.Build.0 = Debug|Any CPU
		{EB66B766-6354-4208-A3D4-AACBDCB5C3B3}.Debug|x64.ActiveCfg = Debug|Any CPU
		{EB66B766-6354-4208-A3D4-AACBDCB5C3B3}.Debug|x86.ActiveCfg = Debug|x86
		{EB66B766-6354-4208-A3D4-AACBDCB5C3B3}.Debug|x86.Build.0 = Debug|x86
		{EB66B766-6354-4208-A3D4-AACBDCB5C3B3}.FxCop|Any CPU.ActiveCfg = Release|Any CPU
		{EB66B766-6354-4208-A3D4-AACBDCB5C3B3}.FxCop|Any CPU.Build.0 = Release|Any CPU
		{EB66B766-6354-4208-A3D4-AACBDCB5C3B3}.FxCop|Mixed Platforms.ActiveCfg = Release|Any CPU
		{EB66B766-6354-4208-A3D4-AACBDCB5C3B3}.FxCop|Mixed Platforms.Build.0 = Release|Any CPU
		{EB66B766-6354-4208-A3D4-AACBDCB5C3B3}.FxCop|x64.ActiveCfg = Release|Any CPU
		{EB66B766-6354-4208-A3D4-AACBDCB5C3B3}.FxCop|x86.ActiveCfg = Release|Any CPU
		{EB66B766-6354-4208-A3D4-AACBDCB5C3B3}.Release|Any CPU.ActiveCfg = Release|Any CPU
		{EB66B766-6354-4208-A3D4-AACBDCB5C3B3}.Release|Any CPU.Build.0 = Release|Any CPU
		{EB66B766-6354-4208-A3D4-AACBDCB5C3B3}.Release|Mixed Platforms.ActiveCfg = Release|Any CPU
		{EB66B766-6354-4208-A3D4-AACBDCB5C3B3}.Release|Mixed Platforms.Build.0 = Release|Any CPU
		{EB66B766-6354-4208-A3D4-AACBDCB5C3B3}.Release|x64.ActiveCfg = Release|Any CPU
		{EB66B766-6354-4208-A3D4-AACBDCB5C3B3}.Release|x86.ActiveCfg = Release|x86
		{EB66B766-6354-4208-A3D4-AACBDCB5C3B3}.Release|x86.Build.0 = Release|x86
		{EB66B766-6354-4208-A3D4-AACBDCB5C3B3}.Silverlight 4 Debug|Any CPU.ActiveCfg = Debug|Any CPU
		{EB66B766-6354-4208-A3D4-AACBDCB5C3B3}.Silverlight 4 Debug|Any CPU.Build.0 = Debug|Any CPU
		{EB66B766-6354-4208-A3D4-AACBDCB5C3B3}.Silverlight 4 Debug|Mixed Platforms.ActiveCfg = Debug|Any CPU
		{EB66B766-6354-4208-A3D4-AACBDCB5C3B3}.Silverlight 4 Debug|Mixed Platforms.Build.0 = Debug|Any CPU
		{EB66B766-6354-4208-A3D4-AACBDCB5C3B3}.Silverlight 4 Debug|x64.ActiveCfg = Debug|Any CPU
		{EB66B766-6354-4208-A3D4-AACBDCB5C3B3}.Silverlight 4 Debug|x86.ActiveCfg = Debug|Any CPU
		{EB66B766-6354-4208-A3D4-AACBDCB5C3B3}.Silverlight 4 Release|Any CPU.ActiveCfg = Release|Any CPU
		{EB66B766-6354-4208-A3D4-AACBDCB5C3B3}.Silverlight 4 Release|Any CPU.Build.0 = Release|Any CPU
		{EB66B766-6354-4208-A3D4-AACBDCB5C3B3}.Silverlight 4 Release|Mixed Platforms.ActiveCfg = Release|Any CPU
		{EB66B766-6354-4208-A3D4-AACBDCB5C3B3}.Silverlight 4 Release|Mixed Platforms.Build.0 = Release|Any CPU
		{EB66B766-6354-4208-A3D4-AACBDCB5C3B3}.Silverlight 4 Release|x64.ActiveCfg = Release|Any CPU
		{EB66B766-6354-4208-A3D4-AACBDCB5C3B3}.Silverlight 4 Release|x86.ActiveCfg = Release|Any CPU
		{EB66B766-6354-4208-A3D4-AACBDCB5C3B3}.Silverlight Debug|Any CPU.ActiveCfg = Debug|Any CPU
		{EB66B766-6354-4208-A3D4-AACBDCB5C3B3}.Silverlight Debug|Any CPU.Build.0 = Debug|Any CPU
		{EB66B766-6354-4208-A3D4-AACBDCB5C3B3}.Silverlight Debug|Mixed Platforms.ActiveCfg = Debug|Any CPU
		{EB66B766-6354-4208-A3D4-AACBDCB5C3B3}.Silverlight Debug|Mixed Platforms.Build.0 = Debug|Any CPU
		{EB66B766-6354-4208-A3D4-AACBDCB5C3B3}.Silverlight Debug|x64.ActiveCfg = Debug|Any CPU
		{EB66B766-6354-4208-A3D4-AACBDCB5C3B3}.Silverlight Debug|x86.ActiveCfg = Debug|Any CPU
		{EB66B766-6354-4208-A3D4-AACBDCB5C3B3}.Silverlight Release|Any CPU.ActiveCfg = Release|Any CPU
		{EB66B766-6354-4208-A3D4-AACBDCB5C3B3}.Silverlight Release|Any CPU.Build.0 = Release|Any CPU
		{EB66B766-6354-4208-A3D4-AACBDCB5C3B3}.Silverlight Release|Mixed Platforms.ActiveCfg = Release|Any CPU
		{EB66B766-6354-4208-A3D4-AACBDCB5C3B3}.Silverlight Release|Mixed Platforms.Build.0 = Release|Any CPU
		{EB66B766-6354-4208-A3D4-AACBDCB5C3B3}.Silverlight Release|x64.ActiveCfg = Release|Any CPU
		{EB66B766-6354-4208-A3D4-AACBDCB5C3B3}.Silverlight Release|x86.ActiveCfg = Release|Any CPU
		{EB66B766-6354-4208-A3D4-AACBDCB5C3B3}.V4 Debug|Any CPU.ActiveCfg = Debug|Any CPU
		{EB66B766-6354-4208-A3D4-AACBDCB5C3B3}.V4 Debug|Any CPU.Build.0 = Debug|Any CPU
		{EB66B766-6354-4208-A3D4-AACBDCB5C3B3}.V4 Debug|Mixed Platforms.ActiveCfg = Debug|Any CPU
		{EB66B766-6354-4208-A3D4-AACBDCB5C3B3}.V4 Debug|Mixed Platforms.Build.0 = Debug|Any CPU
		{EB66B766-6354-4208-A3D4-AACBDCB5C3B3}.V4 Debug|x64.ActiveCfg = Debug|Any CPU
		{EB66B766-6354-4208-A3D4-AACBDCB5C3B3}.V4 Debug|x86.ActiveCfg = Debug|Any CPU
		{EB66B766-6354-4208-A3D4-AACBDCB5C3B3}.V4 Release|Any CPU.ActiveCfg = Release|Any CPU
		{EB66B766-6354-4208-A3D4-AACBDCB5C3B3}.V4 Release|Any CPU.Build.0 = Release|Any CPU
		{EB66B766-6354-4208-A3D4-AACBDCB5C3B3}.V4 Release|Mixed Platforms.ActiveCfg = Release|Any CPU
		{EB66B766-6354-4208-A3D4-AACBDCB5C3B3}.V4 Release|Mixed Platforms.Build.0 = Release|Any CPU
		{EB66B766-6354-4208-A3D4-AACBDCB5C3B3}.V4 Release|x64.ActiveCfg = Release|Any CPU
		{EB66B766-6354-4208-A3D4-AACBDCB5C3B3}.V4 Release|x86.ActiveCfg = Release|Any CPU
		{ED82A346-1CD9-4CB0-9C00-4CDD4CF577CF}.Debug|Any CPU.ActiveCfg = Debug|Any CPU
		{ED82A346-1CD9-4CB0-9C00-4CDD4CF577CF}.Debug|Any CPU.Build.0 = Debug|Any CPU
		{ED82A346-1CD9-4CB0-9C00-4CDD4CF577CF}.Debug|Mixed Platforms.ActiveCfg = Debug|Any CPU
		{ED82A346-1CD9-4CB0-9C00-4CDD4CF577CF}.Debug|Mixed Platforms.Build.0 = Debug|Any CPU
		{ED82A346-1CD9-4CB0-9C00-4CDD4CF577CF}.Debug|x64.ActiveCfg = Debug|Any CPU
		{ED82A346-1CD9-4CB0-9C00-4CDD4CF577CF}.Debug|x86.ActiveCfg = Debug|x86
		{ED82A346-1CD9-4CB0-9C00-4CDD4CF577CF}.Debug|x86.Build.0 = Debug|x86
		{ED82A346-1CD9-4CB0-9C00-4CDD4CF577CF}.FxCop|Any CPU.ActiveCfg = Release|Any CPU
		{ED82A346-1CD9-4CB0-9C00-4CDD4CF577CF}.FxCop|Any CPU.Build.0 = Release|Any CPU
		{ED82A346-1CD9-4CB0-9C00-4CDD4CF577CF}.FxCop|Mixed Platforms.ActiveCfg = Release|Any CPU
		{ED82A346-1CD9-4CB0-9C00-4CDD4CF577CF}.FxCop|Mixed Platforms.Build.0 = Release|Any CPU
		{ED82A346-1CD9-4CB0-9C00-4CDD4CF577CF}.FxCop|x64.ActiveCfg = Release|Any CPU
		{ED82A346-1CD9-4CB0-9C00-4CDD4CF577CF}.FxCop|x86.ActiveCfg = Release|Any CPU
		{ED82A346-1CD9-4CB0-9C00-4CDD4CF577CF}.Release|Any CPU.ActiveCfg = Release|Any CPU
		{ED82A346-1CD9-4CB0-9C00-4CDD4CF577CF}.Release|Any CPU.Build.0 = Release|Any CPU
		{ED82A346-1CD9-4CB0-9C00-4CDD4CF577CF}.Release|Mixed Platforms.ActiveCfg = Release|Any CPU
		{ED82A346-1CD9-4CB0-9C00-4CDD4CF577CF}.Release|Mixed Platforms.Build.0 = Release|Any CPU
		{ED82A346-1CD9-4CB0-9C00-4CDD4CF577CF}.Release|x64.ActiveCfg = Release|Any CPU
		{ED82A346-1CD9-4CB0-9C00-4CDD4CF577CF}.Release|x86.ActiveCfg = Release|x86
		{ED82A346-1CD9-4CB0-9C00-4CDD4CF577CF}.Release|x86.Build.0 = Release|x86
		{ED82A346-1CD9-4CB0-9C00-4CDD4CF577CF}.Silverlight 4 Debug|Any CPU.ActiveCfg = Debug|Any CPU
		{ED82A346-1CD9-4CB0-9C00-4CDD4CF577CF}.Silverlight 4 Debug|Any CPU.Build.0 = Debug|Any CPU
		{ED82A346-1CD9-4CB0-9C00-4CDD4CF577CF}.Silverlight 4 Debug|Mixed Platforms.ActiveCfg = Debug|Any CPU
		{ED82A346-1CD9-4CB0-9C00-4CDD4CF577CF}.Silverlight 4 Debug|Mixed Platforms.Build.0 = Debug|Any CPU
		{ED82A346-1CD9-4CB0-9C00-4CDD4CF577CF}.Silverlight 4 Debug|x64.ActiveCfg = Debug|Any CPU
		{ED82A346-1CD9-4CB0-9C00-4CDD4CF577CF}.Silverlight 4 Debug|x86.ActiveCfg = Debug|Any CPU
		{ED82A346-1CD9-4CB0-9C00-4CDD4CF577CF}.Silverlight 4 Release|Any CPU.ActiveCfg = Release|Any CPU
		{ED82A346-1CD9-4CB0-9C00-4CDD4CF577CF}.Silverlight 4 Release|Any CPU.Build.0 = Release|Any CPU
		{ED82A346-1CD9-4CB0-9C00-4CDD4CF577CF}.Silverlight 4 Release|Mixed Platforms.ActiveCfg = Release|Any CPU
		{ED82A346-1CD9-4CB0-9C00-4CDD4CF577CF}.Silverlight 4 Release|Mixed Platforms.Build.0 = Release|Any CPU
		{ED82A346-1CD9-4CB0-9C00-4CDD4CF577CF}.Silverlight 4 Release|x64.ActiveCfg = Release|Any CPU
		{ED82A346-1CD9-4CB0-9C00-4CDD4CF577CF}.Silverlight 4 Release|x86.ActiveCfg = Release|Any CPU
		{ED82A346-1CD9-4CB0-9C00-4CDD4CF577CF}.Silverlight Debug|Any CPU.ActiveCfg = Debug|Any CPU
		{ED82A346-1CD9-4CB0-9C00-4CDD4CF577CF}.Silverlight Debug|Any CPU.Build.0 = Debug|Any CPU
		{ED82A346-1CD9-4CB0-9C00-4CDD4CF577CF}.Silverlight Debug|Mixed Platforms.ActiveCfg = Debug|Any CPU
		{ED82A346-1CD9-4CB0-9C00-4CDD4CF577CF}.Silverlight Debug|Mixed Platforms.Build.0 = Debug|Any CPU
		{ED82A346-1CD9-4CB0-9C00-4CDD4CF577CF}.Silverlight Debug|x64.ActiveCfg = Debug|Any CPU
		{ED82A346-1CD9-4CB0-9C00-4CDD4CF577CF}.Silverlight Debug|x86.ActiveCfg = Debug|Any CPU
		{ED82A346-1CD9-4CB0-9C00-4CDD4CF577CF}.Silverlight Release|Any CPU.ActiveCfg = Release|Any CPU
		{ED82A346-1CD9-4CB0-9C00-4CDD4CF577CF}.Silverlight Release|Any CPU.Build.0 = Release|Any CPU
		{ED82A346-1CD9-4CB0-9C00-4CDD4CF577CF}.Silverlight Release|Mixed Platforms.ActiveCfg = Release|Any CPU
		{ED82A346-1CD9-4CB0-9C00-4CDD4CF577CF}.Silverlight Release|Mixed Platforms.Build.0 = Release|Any CPU
		{ED82A346-1CD9-4CB0-9C00-4CDD4CF577CF}.Silverlight Release|x64.ActiveCfg = Release|Any CPU
		{ED82A346-1CD9-4CB0-9C00-4CDD4CF577CF}.Silverlight Release|x86.ActiveCfg = Release|Any CPU
		{ED82A346-1CD9-4CB0-9C00-4CDD4CF577CF}.V4 Debug|Any CPU.ActiveCfg = Debug|Any CPU
		{ED82A346-1CD9-4CB0-9C00-4CDD4CF577CF}.V4 Debug|Any CPU.Build.0 = Debug|Any CPU
		{ED82A346-1CD9-4CB0-9C00-4CDD4CF577CF}.V4 Debug|Mixed Platforms.ActiveCfg = Debug|Any CPU
		{ED82A346-1CD9-4CB0-9C00-4CDD4CF577CF}.V4 Debug|Mixed Platforms.Build.0 = Debug|Any CPU
		{ED82A346-1CD9-4CB0-9C00-4CDD4CF577CF}.V4 Debug|x64.ActiveCfg = Debug|Any CPU
		{ED82A346-1CD9-4CB0-9C00-4CDD4CF577CF}.V4 Debug|x86.ActiveCfg = Debug|Any CPU
		{ED82A346-1CD9-4CB0-9C00-4CDD4CF577CF}.V4 Release|Any CPU.ActiveCfg = Release|Any CPU
		{ED82A346-1CD9-4CB0-9C00-4CDD4CF577CF}.V4 Release|Any CPU.Build.0 = Release|Any CPU
		{ED82A346-1CD9-4CB0-9C00-4CDD4CF577CF}.V4 Release|Mixed Platforms.ActiveCfg = Release|Any CPU
		{ED82A346-1CD9-4CB0-9C00-4CDD4CF577CF}.V4 Release|Mixed Platforms.Build.0 = Release|Any CPU
		{ED82A346-1CD9-4CB0-9C00-4CDD4CF577CF}.V4 Release|x64.ActiveCfg = Release|Any CPU
		{ED82A346-1CD9-4CB0-9C00-4CDD4CF577CF}.V4 Release|x86.ActiveCfg = Release|Any CPU
		{8B0F1074-750E-4D64-BF23-A1E0F54261E5}.Debug|Any CPU.ActiveCfg = Debug|Any CPU
		{8B0F1074-750E-4D64-BF23-A1E0F54261E5}.Debug|Any CPU.Build.0 = Debug|Any CPU
		{8B0F1074-750E-4D64-BF23-A1E0F54261E5}.Debug|Mixed Platforms.ActiveCfg = Debug|Any CPU
		{8B0F1074-750E-4D64-BF23-A1E0F54261E5}.Debug|Mixed Platforms.Build.0 = Debug|Any CPU
		{8B0F1074-750E-4D64-BF23-A1E0F54261E5}.Debug|x64.ActiveCfg = Debug|Any CPU
		{8B0F1074-750E-4D64-BF23-A1E0F54261E5}.Debug|x86.ActiveCfg = Debug|x86
		{8B0F1074-750E-4D64-BF23-A1E0F54261E5}.Debug|x86.Build.0 = Debug|x86
		{8B0F1074-750E-4D64-BF23-A1E0F54261E5}.FxCop|Any CPU.ActiveCfg = FxCop|Any CPU
		{8B0F1074-750E-4D64-BF23-A1E0F54261E5}.FxCop|Any CPU.Build.0 = FxCop|Any CPU
		{8B0F1074-750E-4D64-BF23-A1E0F54261E5}.FxCop|Mixed Platforms.ActiveCfg = FxCop|Any CPU
		{8B0F1074-750E-4D64-BF23-A1E0F54261E5}.FxCop|Mixed Platforms.Build.0 = FxCop|Any CPU
		{8B0F1074-750E-4D64-BF23-A1E0F54261E5}.FxCop|x64.ActiveCfg = FxCop|Any CPU
		{8B0F1074-750E-4D64-BF23-A1E0F54261E5}.FxCop|x86.ActiveCfg = FxCop|Any CPU
		{8B0F1074-750E-4D64-BF23-A1E0F54261E5}.Release|Any CPU.ActiveCfg = Release|Any CPU
		{8B0F1074-750E-4D64-BF23-A1E0F54261E5}.Release|Any CPU.Build.0 = Release|Any CPU
		{8B0F1074-750E-4D64-BF23-A1E0F54261E5}.Release|Mixed Platforms.ActiveCfg = Release|Any CPU
		{8B0F1074-750E-4D64-BF23-A1E0F54261E5}.Release|Mixed Platforms.Build.0 = Release|Any CPU
		{8B0F1074-750E-4D64-BF23-A1E0F54261E5}.Release|x64.ActiveCfg = Release|Any CPU
		{8B0F1074-750E-4D64-BF23-A1E0F54261E5}.Release|x86.ActiveCfg = Release|x86
		{8B0F1074-750E-4D64-BF23-A1E0F54261E5}.Release|x86.Build.0 = Release|x86
		{8B0F1074-750E-4D64-BF23-A1E0F54261E5}.Silverlight 4 Debug|Any CPU.ActiveCfg = Debug|Any CPU
		{8B0F1074-750E-4D64-BF23-A1E0F54261E5}.Silverlight 4 Debug|Any CPU.Build.0 = Debug|Any CPU
		{8B0F1074-750E-4D64-BF23-A1E0F54261E5}.Silverlight 4 Debug|Mixed Platforms.ActiveCfg = Silverlight Release|Any CPU
		{8B0F1074-750E-4D64-BF23-A1E0F54261E5}.Silverlight 4 Debug|Mixed Platforms.Build.0 = Silverlight Release|Any CPU
		{8B0F1074-750E-4D64-BF23-A1E0F54261E5}.Silverlight 4 Debug|x64.ActiveCfg = Silverlight Release|Any CPU
		{8B0F1074-750E-4D64-BF23-A1E0F54261E5}.Silverlight 4 Debug|x86.ActiveCfg = Silverlight Release|Any CPU
		{8B0F1074-750E-4D64-BF23-A1E0F54261E5}.Silverlight 4 Release|Any CPU.ActiveCfg = Release|Any CPU
		{8B0F1074-750E-4D64-BF23-A1E0F54261E5}.Silverlight 4 Release|Any CPU.Build.0 = Release|Any CPU
		{8B0F1074-750E-4D64-BF23-A1E0F54261E5}.Silverlight 4 Release|Mixed Platforms.ActiveCfg = Silverlight Release|Any CPU
		{8B0F1074-750E-4D64-BF23-A1E0F54261E5}.Silverlight 4 Release|Mixed Platforms.Build.0 = Silverlight Release|Any CPU
		{8B0F1074-750E-4D64-BF23-A1E0F54261E5}.Silverlight 4 Release|x64.ActiveCfg = Silverlight Release|Any CPU
		{8B0F1074-750E-4D64-BF23-A1E0F54261E5}.Silverlight 4 Release|x86.ActiveCfg = Silverlight Release|Any CPU
		{8B0F1074-750E-4D64-BF23-A1E0F54261E5}.Silverlight Debug|Any CPU.ActiveCfg = Silverlight Debug|Any CPU
		{8B0F1074-750E-4D64-BF23-A1E0F54261E5}.Silverlight Debug|Any CPU.Build.0 = Silverlight Debug|Any CPU
		{8B0F1074-750E-4D64-BF23-A1E0F54261E5}.Silverlight Debug|Mixed Platforms.ActiveCfg = Silverlight Debug|Any CPU
		{8B0F1074-750E-4D64-BF23-A1E0F54261E5}.Silverlight Debug|Mixed Platforms.Build.0 = Silverlight Debug|Any CPU
		{8B0F1074-750E-4D64-BF23-A1E0F54261E5}.Silverlight Debug|x64.ActiveCfg = Silverlight Debug|Any CPU
		{8B0F1074-750E-4D64-BF23-A1E0F54261E5}.Silverlight Debug|x86.ActiveCfg = Silverlight Debug|Any CPU
		{8B0F1074-750E-4D64-BF23-A1E0F54261E5}.Silverlight Release|Any CPU.ActiveCfg = Silverlight Release|Any CPU
		{8B0F1074-750E-4D64-BF23-A1E0F54261E5}.Silverlight Release|Any CPU.Build.0 = Silverlight Release|Any CPU
		{8B0F1074-750E-4D64-BF23-A1E0F54261E5}.Silverlight Release|Mixed Platforms.ActiveCfg = Silverlight Release|Any CPU
		{8B0F1074-750E-4D64-BF23-A1E0F54261E5}.Silverlight Release|Mixed Platforms.Build.0 = Silverlight Release|Any CPU
		{8B0F1074-750E-4D64-BF23-A1E0F54261E5}.Silverlight Release|x64.ActiveCfg = Silverlight Release|Any CPU
		{8B0F1074-750E-4D64-BF23-A1E0F54261E5}.Silverlight Release|x86.ActiveCfg = Silverlight Release|Any CPU
		{8B0F1074-750E-4D64-BF23-A1E0F54261E5}.V4 Debug|Any CPU.ActiveCfg = Debug|Any CPU
		{8B0F1074-750E-4D64-BF23-A1E0F54261E5}.V4 Debug|Any CPU.Build.0 = Debug|Any CPU
		{8B0F1074-750E-4D64-BF23-A1E0F54261E5}.V4 Debug|Mixed Platforms.ActiveCfg = Debug|Any CPU
		{8B0F1074-750E-4D64-BF23-A1E0F54261E5}.V4 Debug|Mixed Platforms.Build.0 = Debug|Any CPU
		{8B0F1074-750E-4D64-BF23-A1E0F54261E5}.V4 Debug|x64.ActiveCfg = Debug|Any CPU
		{8B0F1074-750E-4D64-BF23-A1E0F54261E5}.V4 Debug|x86.ActiveCfg = Debug|Any CPU
		{8B0F1074-750E-4D64-BF23-A1E0F54261E5}.V4 Release|Any CPU.ActiveCfg = Release|Any CPU
		{8B0F1074-750E-4D64-BF23-A1E0F54261E5}.V4 Release|Any CPU.Build.0 = Release|Any CPU
		{8B0F1074-750E-4D64-BF23-A1E0F54261E5}.V4 Release|Mixed Platforms.ActiveCfg = Release|Any CPU
		{8B0F1074-750E-4D64-BF23-A1E0F54261E5}.V4 Release|Mixed Platforms.Build.0 = Release|Any CPU
		{8B0F1074-750E-4D64-BF23-A1E0F54261E5}.V4 Release|x64.ActiveCfg = Release|Any CPU
		{8B0F1074-750E-4D64-BF23-A1E0F54261E5}.V4 Release|x86.ActiveCfg = Release|Any CPU
		{2FF9CE93-4FDD-43D2-880D-E334EB860B10}.Debug|Any CPU.ActiveCfg = Debug|Any CPU
		{2FF9CE93-4FDD-43D2-880D-E334EB860B10}.Debug|Any CPU.Build.0 = Debug|Any CPU
		{2FF9CE93-4FDD-43D2-880D-E334EB860B10}.Debug|Mixed Platforms.ActiveCfg = Debug|Any CPU
		{2FF9CE93-4FDD-43D2-880D-E334EB860B10}.Debug|Mixed Platforms.Build.0 = Debug|Any CPU
		{2FF9CE93-4FDD-43D2-880D-E334EB860B10}.Debug|x64.ActiveCfg = Debug|Any CPU
		{2FF9CE93-4FDD-43D2-880D-E334EB860B10}.Debug|x86.ActiveCfg = Debug|x86
		{2FF9CE93-4FDD-43D2-880D-E334EB860B10}.Debug|x86.Build.0 = Debug|x86
		{2FF9CE93-4FDD-43D2-880D-E334EB860B10}.FxCop|Any CPU.ActiveCfg = FxCop|Any CPU
		{2FF9CE93-4FDD-43D2-880D-E334EB860B10}.FxCop|Any CPU.Build.0 = FxCop|Any CPU
		{2FF9CE93-4FDD-43D2-880D-E334EB860B10}.FxCop|Mixed Platforms.ActiveCfg = FxCop|Any CPU
		{2FF9CE93-4FDD-43D2-880D-E334EB860B10}.FxCop|Mixed Platforms.Build.0 = FxCop|Any CPU
		{2FF9CE93-4FDD-43D2-880D-E334EB860B10}.FxCop|x64.ActiveCfg = FxCop|Any CPU
		{2FF9CE93-4FDD-43D2-880D-E334EB860B10}.FxCop|x86.ActiveCfg = FxCop|Any CPU
		{2FF9CE93-4FDD-43D2-880D-E334EB860B10}.Release|Any CPU.ActiveCfg = Release|Any CPU
		{2FF9CE93-4FDD-43D2-880D-E334EB860B10}.Release|Any CPU.Build.0 = Release|Any CPU
		{2FF9CE93-4FDD-43D2-880D-E334EB860B10}.Release|Mixed Platforms.ActiveCfg = Release|Any CPU
		{2FF9CE93-4FDD-43D2-880D-E334EB860B10}.Release|Mixed Platforms.Build.0 = Release|Any CPU
		{2FF9CE93-4FDD-43D2-880D-E334EB860B10}.Release|x64.ActiveCfg = Release|Any CPU
		{2FF9CE93-4FDD-43D2-880D-E334EB860B10}.Release|x86.ActiveCfg = Release|x86
		{2FF9CE93-4FDD-43D2-880D-E334EB860B10}.Release|x86.Build.0 = Release|x86
		{2FF9CE93-4FDD-43D2-880D-E334EB860B10}.Silverlight 4 Debug|Any CPU.ActiveCfg = Debug|Any CPU
		{2FF9CE93-4FDD-43D2-880D-E334EB860B10}.Silverlight 4 Debug|Any CPU.Build.0 = Debug|Any CPU
		{2FF9CE93-4FDD-43D2-880D-E334EB860B10}.Silverlight 4 Debug|Mixed Platforms.ActiveCfg = Silverlight Release|Any CPU
		{2FF9CE93-4FDD-43D2-880D-E334EB860B10}.Silverlight 4 Debug|Mixed Platforms.Build.0 = Silverlight Release|Any CPU
		{2FF9CE93-4FDD-43D2-880D-E334EB860B10}.Silverlight 4 Debug|x64.ActiveCfg = Silverlight Release|Any CPU
		{2FF9CE93-4FDD-43D2-880D-E334EB860B10}.Silverlight 4 Debug|x86.ActiveCfg = Silverlight Release|Any CPU
		{2FF9CE93-4FDD-43D2-880D-E334EB860B10}.Silverlight 4 Release|Any CPU.ActiveCfg = Release|Any CPU
		{2FF9CE93-4FDD-43D2-880D-E334EB860B10}.Silverlight 4 Release|Any CPU.Build.0 = Release|Any CPU
		{2FF9CE93-4FDD-43D2-880D-E334EB860B10}.Silverlight 4 Release|Mixed Platforms.ActiveCfg = Silverlight Release|Any CPU
		{2FF9CE93-4FDD-43D2-880D-E334EB860B10}.Silverlight 4 Release|Mixed Platforms.Build.0 = Silverlight Release|Any CPU
		{2FF9CE93-4FDD-43D2-880D-E334EB860B10}.Silverlight 4 Release|x64.ActiveCfg = Silverlight Release|Any CPU
		{2FF9CE93-4FDD-43D2-880D-E334EB860B10}.Silverlight 4 Release|x86.ActiveCfg = Silverlight Release|Any CPU
		{2FF9CE93-4FDD-43D2-880D-E334EB860B10}.Silverlight Debug|Any CPU.ActiveCfg = Silverlight Debug|Any CPU
		{2FF9CE93-4FDD-43D2-880D-E334EB860B10}.Silverlight Debug|Any CPU.Build.0 = Silverlight Debug|Any CPU
		{2FF9CE93-4FDD-43D2-880D-E334EB860B10}.Silverlight Debug|Mixed Platforms.ActiveCfg = Silverlight Debug|Any CPU
		{2FF9CE93-4FDD-43D2-880D-E334EB860B10}.Silverlight Debug|Mixed Platforms.Build.0 = Silverlight Debug|Any CPU
		{2FF9CE93-4FDD-43D2-880D-E334EB860B10}.Silverlight Debug|x64.ActiveCfg = Silverlight Debug|Any CPU
		{2FF9CE93-4FDD-43D2-880D-E334EB860B10}.Silverlight Debug|x86.ActiveCfg = Silverlight Debug|Any CPU
		{2FF9CE93-4FDD-43D2-880D-E334EB860B10}.Silverlight Release|Any CPU.ActiveCfg = Silverlight Release|Any CPU
		{2FF9CE93-4FDD-43D2-880D-E334EB860B10}.Silverlight Release|Any CPU.Build.0 = Silverlight Release|Any CPU
		{2FF9CE93-4FDD-43D2-880D-E334EB860B10}.Silverlight Release|Mixed Platforms.ActiveCfg = Silverlight Release|Any CPU
		{2FF9CE93-4FDD-43D2-880D-E334EB860B10}.Silverlight Release|Mixed Platforms.Build.0 = Silverlight Release|Any CPU
		{2FF9CE93-4FDD-43D2-880D-E334EB860B10}.Silverlight Release|x64.ActiveCfg = Silverlight Release|Any CPU
		{2FF9CE93-4FDD-43D2-880D-E334EB860B10}.Silverlight Release|x86.ActiveCfg = Silverlight Release|Any CPU
		{2FF9CE93-4FDD-43D2-880D-E334EB860B10}.V4 Debug|Any CPU.ActiveCfg = Debug|Any CPU
		{2FF9CE93-4FDD-43D2-880D-E334EB860B10}.V4 Debug|Any CPU.Build.0 = Debug|Any CPU
		{2FF9CE93-4FDD-43D2-880D-E334EB860B10}.V4 Debug|Mixed Platforms.ActiveCfg = Debug|Any CPU
		{2FF9CE93-4FDD-43D2-880D-E334EB860B10}.V4 Debug|Mixed Platforms.Build.0 = Debug|Any CPU
		{2FF9CE93-4FDD-43D2-880D-E334EB860B10}.V4 Debug|x64.ActiveCfg = Debug|Any CPU
		{2FF9CE93-4FDD-43D2-880D-E334EB860B10}.V4 Debug|x86.ActiveCfg = Debug|Any CPU
		{2FF9CE93-4FDD-43D2-880D-E334EB860B10}.V4 Release|Any CPU.ActiveCfg = Release|Any CPU
		{2FF9CE93-4FDD-43D2-880D-E334EB860B10}.V4 Release|Any CPU.Build.0 = Release|Any CPU
		{2FF9CE93-4FDD-43D2-880D-E334EB860B10}.V4 Release|Mixed Platforms.ActiveCfg = Release|Any CPU
		{2FF9CE93-4FDD-43D2-880D-E334EB860B10}.V4 Release|Mixed Platforms.Build.0 = Release|Any CPU
		{2FF9CE93-4FDD-43D2-880D-E334EB860B10}.V4 Release|x64.ActiveCfg = Release|Any CPU
		{2FF9CE93-4FDD-43D2-880D-E334EB860B10}.V4 Release|x86.ActiveCfg = Release|Any CPU
	EndGlobalSection
	GlobalSection(SolutionProperties) = preSolution
		HideSolutionNode = FALSE
	EndGlobalSection
	GlobalSection(NestedProjects) = preSolution
		{D4AE44AD-07B9-41DC-BB3B-1FDCDE3C987D} = {2805BC79-B39E-4B73-A947-603B7B260081}
		{EB66B766-6354-4208-A3D4-AACBDCB5C3B3} = {2805BC79-B39E-4B73-A947-603B7B260081}
		{2FF9CE93-4FDD-43D2-880D-E334EB860B10} = {2805BC79-B39E-4B73-A947-603B7B260081}
		{ED82A346-1CD9-4CB0-9C00-4CDD4CF577CF} = {2805BC79-B39E-4B73-A947-603B7B260081}
		{8B0F1074-750E-4D64-BF23-A1E0F54261E5} = {2805BC79-B39E-4B73-A947-603B7B260081}
	EndGlobalSection
EndGlobal
