
Microsoft Visual Studio Solution File, Format Version 11.00
# Visual Studio 2010
Project("{F2A71F9B-5D33-465A-A702-920D77279786}") = "IronJS.CLR2", "IronJS\IronJS.CLR2.fsproj", "{9E257324-94E7-49AF-AE83-718288E925D8}"
EndProject
Project("{F2A71F9B-5D33-465A-A702-920D77279786}") = "REPL.CLR2", "Tools\REPL\REPL.CLR2.fsproj", "{0F78334F-EA74-4C5C-8232-B7D329BE2226}"
EndProject
Global
	GlobalSection(TestCaseManagementSettings) = postSolution
		CategoryFile = CLR4.vsmdi
	EndGlobalSection
	GlobalSection(SolutionConfigurationPlatforms) = preSolution
		Debug|Any CPU = Debug|Any CPU
		Release|Any CPU = Release|Any CPU
	EndGlobalSection
	GlobalSection(ProjectConfigurationPlatforms) = postSolution
		{9E257324-94E7-49AF-AE83-718288E925D8}.Debug|Any CPU.ActiveCfg = Debug|Any CPU
		{9E257324-94E7-49AF-AE83-718288E925D8}.Debug|Any CPU.Build.0 = Debug|Any CPU
		{9E257324-94E7-49AF-AE83-718288E925D8}.Release|Any CPU.ActiveCfg = Release|Any CPU
		{9E257324-94E7-49AF-AE83-718288E925D8}.Release|Any CPU.Build.0 = Release|Any CPU
		{0F78334F-EA74-4C5C-8232-B7D329BE2226}.Debug|Any CPU.ActiveCfg = Debug|Any CPU
		{0F78334F-EA74-4C5C-8232-B7D329BE2226}.Debug|Any CPU.Build.0 = Debug|Any CPU
		{0F78334F-EA74-4C5C-8232-B7D329BE2226}.Release|Any CPU.ActiveCfg = Release|Any CPU
		{0F78334F-EA74-4C5C-8232-B7D329BE2226}.Release|Any CPU.Build.0 = Release|Any CPU
	EndGlobalSection
	GlobalSection(SolutionProperties) = preSolution
		HideSolutionNode = FALSE
	EndGlobalSection
EndGlobal
