
Microsoft Visual Studio Solution File, Format Version 11.00
# Visual Studio 2010
Project("{F2A71F9B-5D33-465A-A702-920D77279786}") = "IronJS", "IronJS\IronJS.fsproj", "{9E257324-94E7-49AF-AE83-718288E925D8}"
EndProject
Project("{F2A71F9B-5D33-465A-A702-920D77279786}") = "REPL", "Tools\REPL\REPL.fsproj", "{0F78334F-EA74-4C5C-8232-B7D329BE2226}"
EndProject
Project("{2150E333-8FDC-42A3-9474-1A3956D46DE8}") = "Files", "Files", "{7E895BE2-763D-4384-B17C-4EEC183D7479}"
	ProjectSection(SolutionItems) = preProject
		..\LICENSE.txt = ..\LICENSE.txt
		..\README.markdown = ..\README.markdown
		..\Files\todo.txt = ..\Files\todo.txt
	EndProjectSection
EndProject
Project("{2150E333-8FDC-42A3-9474-1A3956D46DE8}") = "Docs", "Docs", "{ADB528F1-B545-4A8E-87AF-D51C82DE3F06}"
	ProjectSection(SolutionItems) = preProject
		..\Files\Docs\E262-3.pdf = ..\Files\Docs\E262-3.pdf
		..\Files\Docs\ECMA-262 (ECMAScript 5).pdf = ..\Files\Docs\ECMA-262 (ECMAScript 5).pdf
		..\Files\Docs\ECMA-335 (CLI).pdf = ..\Files\Docs\ECMA-335 (CLI).pdf
		..\Files\Docs\ES5 Errata 7-1-10.pdf = ..\Files\Docs\ES5 Errata 7-1-10.pdf
	EndProjectSection
EndProject
Project("{2150E333-8FDC-42A3-9474-1A3956D46DE8}") = "Changelogs", "Changelogs", "{6846E259-C63E-44FA-B201-5381D2A590AB}"
	ProjectSection(SolutionItems) = preProject
		..\Files\Changelogs\0.1.92.txt = ..\Files\Changelogs\0.1.92.txt
		..\Files\Changelogs\0.1.93.txt = ..\Files\Changelogs\0.1.93.txt
		..\Files\Changelogs\0.1.94.txt = ..\Files\Changelogs\0.1.94.txt
		..\Files\Changelogs\0.2.0.txt = ..\Files\Changelogs\0.2.0.txt
	EndProjectSection
EndProject
Project("{2150E333-8FDC-42A3-9474-1A3956D46DE8}") = "Scripts", "Scripts", "{39A51F96-9421-4146-B875-D704349A51F4}"
	ProjectSection(SolutionItems) = preProject
		..\Files\Scripts\Browser.html = ..\Files\Scripts\Browser.html
		..\Files\Scripts\Debug.fsx = ..\Files\Scripts\Debug.fsx
		..\Files\Scripts\Release.fsx = ..\Files\Scripts\Release.fsx
	EndProjectSection
EndProject
Project("{FAE04EC0-301F-11D3-BF4B-00C04F79EFBC}") = "Sputnik", "Tests\Sputnik\Sputnik.csproj", "{BC623089-C90E-4E95-B48F-856B5D9569CB}"
EndProject
Project("{FAE04EC0-301F-11D3-BF4B-00C04F79EFBC}") = "Benchmarks", "Benchmarks\Benchmarks.csproj", "{72BF8228-78A6-498A-A028-64745AA4168B}"
EndProject
Project("{FAE04EC0-301F-11D3-BF4B-00C04F79EFBC}") = "DebugConsole", "Tools\DebugConsole\DebugConsole.csproj", "{40EC1D4C-9F78-48FE-8EE1-C6A46853BB25}"
EndProject
Project("{FAE04EC0-301F-11D3-BF4B-00C04F79EFBC}") = "UnitTests", "Tests\UnitTests\UnitTests.csproj", "{60820940-C9B1-4DFB-B88A-AF4D20C703C9}"
EndProject
Project("{FAE04EC0-301F-11D3-BF4B-00C04F79EFBC}") = "CoreBenchmarks", "CoreBenchmarks\CoreBenchmarks.csproj", "{55877BCA-85F6-44E7-82F3-041B53E7D589}"
EndProject
Global
	GlobalSection(TestCaseManagementSettings) = postSolution
		CategoryFile = CLR4.vsmdi
	EndGlobalSection
	GlobalSection(SolutionConfigurationPlatforms) = preSolution
		Debug|x64 = Debug|x64
		Debug|x86 = Debug|x86
		Release|x64 = Release|x64
		Release|x86 = Release|x86
	EndGlobalSection
	GlobalSection(ProjectConfigurationPlatforms) = postSolution
		{9E257324-94E7-49AF-AE83-718288E925D8}.Debug|x64.ActiveCfg = Debug|x86
		{9E257324-94E7-49AF-AE83-718288E925D8}.Debug|x64.Build.0 = Debug|x86
		{9E257324-94E7-49AF-AE83-718288E925D8}.Debug|x86.ActiveCfg = Debug|x86
		{9E257324-94E7-49AF-AE83-718288E925D8}.Debug|x86.Build.0 = Debug|x86
		{9E257324-94E7-49AF-AE83-718288E925D8}.Release|x64.ActiveCfg = Release|x64
		{9E257324-94E7-49AF-AE83-718288E925D8}.Release|x64.Build.0 = Release|x64
		{9E257324-94E7-49AF-AE83-718288E925D8}.Release|x86.ActiveCfg = Release|x86
		{9E257324-94E7-49AF-AE83-718288E925D8}.Release|x86.Build.0 = Release|x86
		{0F78334F-EA74-4C5C-8232-B7D329BE2226}.Debug|x64.ActiveCfg = Debug|x86
		{0F78334F-EA74-4C5C-8232-B7D329BE2226}.Debug|x64.Build.0 = Debug|x86
		{0F78334F-EA74-4C5C-8232-B7D329BE2226}.Debug|x86.ActiveCfg = Debug|x86
		{0F78334F-EA74-4C5C-8232-B7D329BE2226}.Debug|x86.Build.0 = Debug|x86
		{0F78334F-EA74-4C5C-8232-B7D329BE2226}.Release|x64.ActiveCfg = Release|x64
		{0F78334F-EA74-4C5C-8232-B7D329BE2226}.Release|x64.Build.0 = Release|x64
		{0F78334F-EA74-4C5C-8232-B7D329BE2226}.Release|x86.ActiveCfg = Release|x86
		{0F78334F-EA74-4C5C-8232-B7D329BE2226}.Release|x86.Build.0 = Release|x86
		{BC623089-C90E-4E95-B48F-856B5D9569CB}.Debug|x64.ActiveCfg = Debug|x86
		{BC623089-C90E-4E95-B48F-856B5D9569CB}.Debug|x64.Build.0 = Debug|x86
		{BC623089-C90E-4E95-B48F-856B5D9569CB}.Debug|x86.ActiveCfg = Debug|x86
		{BC623089-C90E-4E95-B48F-856B5D9569CB}.Debug|x86.Build.0 = Debug|x86
		{BC623089-C90E-4E95-B48F-856B5D9569CB}.Release|x64.ActiveCfg = Release|x64
		{BC623089-C90E-4E95-B48F-856B5D9569CB}.Release|x64.Build.0 = Release|x64
		{BC623089-C90E-4E95-B48F-856B5D9569CB}.Release|x86.ActiveCfg = Release|x86
		{BC623089-C90E-4E95-B48F-856B5D9569CB}.Release|x86.Build.0 = Release|x86
		{72BF8228-78A6-498A-A028-64745AA4168B}.Debug|x64.ActiveCfg = Debug|x86
		{72BF8228-78A6-498A-A028-64745AA4168B}.Debug|x64.Build.0 = Debug|x86
		{72BF8228-78A6-498A-A028-64745AA4168B}.Debug|x86.ActiveCfg = Debug|x86
		{72BF8228-78A6-498A-A028-64745AA4168B}.Debug|x86.Build.0 = Debug|x86
		{72BF8228-78A6-498A-A028-64745AA4168B}.Release|x64.ActiveCfg = Release|x64
		{72BF8228-78A6-498A-A028-64745AA4168B}.Release|x64.Build.0 = Release|x64
		{72BF8228-78A6-498A-A028-64745AA4168B}.Release|x86.ActiveCfg = Release|x86
		{72BF8228-78A6-498A-A028-64745AA4168B}.Release|x86.Build.0 = Release|x86
		{40EC1D4C-9F78-48FE-8EE1-C6A46853BB25}.Debug|x64.ActiveCfg = Debug|x86
		{40EC1D4C-9F78-48FE-8EE1-C6A46853BB25}.Debug|x64.Build.0 = Debug|x86
		{40EC1D4C-9F78-48FE-8EE1-C6A46853BB25}.Debug|x86.ActiveCfg = Debug|x86
		{40EC1D4C-9F78-48FE-8EE1-C6A46853BB25}.Debug|x86.Build.0 = Debug|x86
		{40EC1D4C-9F78-48FE-8EE1-C6A46853BB25}.Release|x64.ActiveCfg = Release|x64
		{40EC1D4C-9F78-48FE-8EE1-C6A46853BB25}.Release|x64.Build.0 = Release|x64
		{40EC1D4C-9F78-48FE-8EE1-C6A46853BB25}.Release|x86.ActiveCfg = Release|x86
		{40EC1D4C-9F78-48FE-8EE1-C6A46853BB25}.Release|x86.Build.0 = Release|x86
		{60820940-C9B1-4DFB-B88A-AF4D20C703C9}.Debug|x64.ActiveCfg = Debug|x86
		{60820940-C9B1-4DFB-B88A-AF4D20C703C9}.Debug|x64.Build.0 = Debug|x86
		{60820940-C9B1-4DFB-B88A-AF4D20C703C9}.Debug|x86.ActiveCfg = Debug|x86
		{60820940-C9B1-4DFB-B88A-AF4D20C703C9}.Debug|x86.Build.0 = Debug|x86
		{60820940-C9B1-4DFB-B88A-AF4D20C703C9}.Release|x64.ActiveCfg = Release|x64
		{60820940-C9B1-4DFB-B88A-AF4D20C703C9}.Release|x64.Build.0 = Release|x64
		{60820940-C9B1-4DFB-B88A-AF4D20C703C9}.Release|x86.ActiveCfg = Release|x86
		{60820940-C9B1-4DFB-B88A-AF4D20C703C9}.Release|x86.Build.0 = Release|x86
		{55877BCA-85F6-44E7-82F3-041B53E7D589}.Debug|x64.ActiveCfg = Debug|x86
		{55877BCA-85F6-44E7-82F3-041B53E7D589}.Debug|x64.Build.0 = Debug|x86
		{55877BCA-85F6-44E7-82F3-041B53E7D589}.Debug|x86.ActiveCfg = Debug|x86
		{55877BCA-85F6-44E7-82F3-041B53E7D589}.Debug|x86.Build.0 = Debug|x86
		{55877BCA-85F6-44E7-82F3-041B53E7D589}.Release|x64.ActiveCfg = Release|x86
		{55877BCA-85F6-44E7-82F3-041B53E7D589}.Release|x64.Build.0 = Release|x86
		{55877BCA-85F6-44E7-82F3-041B53E7D589}.Release|x86.ActiveCfg = Release|x86
		{55877BCA-85F6-44E7-82F3-041B53E7D589}.Release|x86.Build.0 = Release|x86
	EndGlobalSection
	GlobalSection(SolutionProperties) = preSolution
		HideSolutionNode = FALSE
	EndGlobalSection
	GlobalSection(NestedProjects) = preSolution
		{ADB528F1-B545-4A8E-87AF-D51C82DE3F06} = {7E895BE2-763D-4384-B17C-4EEC183D7479}
		{6846E259-C63E-44FA-B201-5381D2A590AB} = {7E895BE2-763D-4384-B17C-4EEC183D7479}
	EndGlobalSection
EndGlobal
