
Microsoft Visual Studio Solution File, Format Version 11.00
# Visual Studio 2010
Project("{2150E333-8FDC-42A3-9474-1A3956D46DE8}") = "Core", "Core", "{618021F9-119A-4D63-8665-6706D3AA4B66}"
EndProject
Project("{2150E333-8FDC-42A3-9474-1A3956D46DE8}") = "Tools", "Tools", "{EEE4C960-93E5-40EE-B827-75A33C1AF9A8}"
EndProject
Project("{F2A71F9B-5D33-465A-A702-920D77279786}") = "IronJS", "IronJS\IronJS.fsproj", "{9E257324-94E7-49AF-AE83-718288E925D8}"
EndProject
Project("{F2A71F9B-5D33-465A-A702-920D77279786}") = "REPL", "Tools\REPL\REPL.fsproj", "{0F78334F-EA74-4C5C-8232-B7D329BE2226}"
EndProject
Project("{FAE04EC0-301F-11D3-BF4B-00C04F79EFBC}") = "DevUI", "Tools\DevUI\DevUI.csproj", "{02F37695-7FA2-4C83-82D2-76FCFE468B38}"
EndProject
Project("{2150E333-8FDC-42A3-9474-1A3956D46DE8}") = "Files", "Files", "{7E895BE2-763D-4384-B17C-4EEC183D7479}"
	ProjectSection(SolutionItems) = preProject
		..\LICENSE.txt = ..\LICENSE.txt
		..\README.markdown = ..\README.markdown
		..\Files\todo.txt = ..\Files\todo.txt
	EndProjectSection
EndProject
Project("{2150E333-8FDC-42A3-9474-1A3956D46DE8}") = "Tests", "Tests", "{5070932B-551A-4C31-9AB7-606F11B762ED}"
	ProjectSection(SolutionItems) = preProject
		..\Tests\Functions.fsx = ..\Tests\Functions.fsx
		..\Tests\Operators.fsx = ..\Tests\Operators.fsx
		..\Tests\Statements.fsx = ..\Tests\Statements.fsx
	EndProjectSection
EndProject
Project("{2150E333-8FDC-42A3-9474-1A3956D46DE8}") = "Docs", "Docs", "{ADB528F1-B545-4A8E-87AF-D51C82DE3F06}"
	ProjectSection(SolutionItems) = preProject
		..\Files\Docs\E262-3.pdf = ..\Files\Docs\E262-3.pdf
		..\Files\Docs\ECMA-262 (ECMAScript 5).pdf = ..\Files\Docs\ECMA-262 (ECMAScript 5).pdf
		..\Files\Docs\ECMA-335 (CLI).pdf = ..\Files\Docs\ECMA-335 (CLI).pdf
		..\Files\Docs\ES5 Errata 7-1-10.pdf = ..\Files\Docs\ES5 Errata 7-1-10.pdf
	EndProjectSection
EndProject
Project("{2150E333-8FDC-42A3-9474-1A3956D46DE8}") = "Changelogs", "Changelogs", "{6846E259-C63E-44FA-B201-5381D2A590AB}"
	ProjectSection(SolutionItems) = preProject
		..\Files\Changelogs\0.1.92.txt = ..\Files\Changelogs\0.1.92.txt
		..\Files\Changelogs\0.1.93.txt = ..\Files\Changelogs\0.1.93.txt
		..\Files\Changelogs\0.1.94.txt = ..\Files\Changelogs\0.1.94.txt
		..\Files\Changelogs\0.1.95.txt = ..\Files\Changelogs\0.1.95.txt
	EndProjectSection
EndProject
Project("{2150E333-8FDC-42A3-9474-1A3956D46DE8}") = "Scripts", "Scripts", "{39A51F96-9421-4146-B875-D704349A51F4}"
	ProjectSection(SolutionItems) = preProject
		..\Files\Scripts\Browser.html = ..\Files\Scripts\Browser.html
		..\Files\Scripts\Debug.fsx = ..\Files\Scripts\Debug.fsx
		..\Files\Scripts\Release.fsx = ..\Files\Scripts\Release.fsx
	EndProjectSection
EndProject
Project("{F2A71F9B-5D33-465A-A702-920D77279786}") = "FSKit", "FSKit\Src\FSKit.fsproj", "{15E5E5EE-B919-46B4-8B04-A323F6D01B66}"
EndProject
Global
	GlobalSection(TestCaseManagementSettings) = postSolution
		CategoryFile = IronJS.vsmdi
	EndGlobalSection
	GlobalSection(SolutionConfigurationPlatforms) = preSolution
		Debug|Any CPU = Debug|Any CPU
		Debug|Mixed Platforms = Debug|Mixed Platforms
		Debug|x64 = Debug|x64
		Debug|x86 = Debug|x86
		Release|Any CPU = Release|Any CPU
		Release|Mixed Platforms = Release|Mixed Platforms
		Release|x64 = Release|x64
		Release|x86 = Release|x86
	EndGlobalSection
	GlobalSection(ProjectConfigurationPlatforms) = postSolution
		{9E257324-94E7-49AF-AE83-718288E925D8}.Debug|Any CPU.ActiveCfg = Debug|Any CPU
		{9E257324-94E7-49AF-AE83-718288E925D8}.Debug|Any CPU.Build.0 = Debug|Any CPU
		{9E257324-94E7-49AF-AE83-718288E925D8}.Debug|Mixed Platforms.ActiveCfg = Debug|Any CPU
		{9E257324-94E7-49AF-AE83-718288E925D8}.Debug|Mixed Platforms.Build.0 = Debug|Any CPU
		{9E257324-94E7-49AF-AE83-718288E925D8}.Debug|x64.ActiveCfg = Debug|x64
		{9E257324-94E7-49AF-AE83-718288E925D8}.Debug|x64.Build.0 = Debug|x64
		{9E257324-94E7-49AF-AE83-718288E925D8}.Debug|x86.ActiveCfg = Debug|x86
		{9E257324-94E7-49AF-AE83-718288E925D8}.Debug|x86.Build.0 = Debug|x86
		{9E257324-94E7-49AF-AE83-718288E925D8}.Release|Any CPU.ActiveCfg = Release|Any CPU
		{9E257324-94E7-49AF-AE83-718288E925D8}.Release|Any CPU.Build.0 = Release|Any CPU
		{9E257324-94E7-49AF-AE83-718288E925D8}.Release|Mixed Platforms.ActiveCfg = Release|x86
		{9E257324-94E7-49AF-AE83-718288E925D8}.Release|Mixed Platforms.Build.0 = Release|x86
		{9E257324-94E7-49AF-AE83-718288E925D8}.Release|x64.ActiveCfg = Release|x64
		{9E257324-94E7-49AF-AE83-718288E925D8}.Release|x64.Build.0 = Release|x64
		{9E257324-94E7-49AF-AE83-718288E925D8}.Release|x86.ActiveCfg = Release|x86
		{9E257324-94E7-49AF-AE83-718288E925D8}.Release|x86.Build.0 = Release|x86
		{0F78334F-EA74-4C5C-8232-B7D329BE2226}.Debug|Any CPU.ActiveCfg = Debug|Any CPU
		{0F78334F-EA74-4C5C-8232-B7D329BE2226}.Debug|Mixed Platforms.ActiveCfg = Debug|Any CPU
		{0F78334F-EA74-4C5C-8232-B7D329BE2226}.Debug|Mixed Platforms.Build.0 = Debug|Any CPU
		{0F78334F-EA74-4C5C-8232-B7D329BE2226}.Debug|x64.ActiveCfg = Debug|x64
		{0F78334F-EA74-4C5C-8232-B7D329BE2226}.Debug|x64.Build.0 = Debug|x64
		{0F78334F-EA74-4C5C-8232-B7D329BE2226}.Debug|x86.ActiveCfg = Debug|x86
		{0F78334F-EA74-4C5C-8232-B7D329BE2226}.Debug|x86.Build.0 = Debug|x86
		{0F78334F-EA74-4C5C-8232-B7D329BE2226}.Release|Any CPU.ActiveCfg = Release|Any CPU
		{0F78334F-EA74-4C5C-8232-B7D329BE2226}.Release|Any CPU.Build.0 = Release|Any CPU
		{0F78334F-EA74-4C5C-8232-B7D329BE2226}.Release|Mixed Platforms.ActiveCfg = Release|Any CPU
		{0F78334F-EA74-4C5C-8232-B7D329BE2226}.Release|Mixed Platforms.Build.0 = Release|Any CPU
		{0F78334F-EA74-4C5C-8232-B7D329BE2226}.Release|x64.ActiveCfg = Release|x64
		{0F78334F-EA74-4C5C-8232-B7D329BE2226}.Release|x64.Build.0 = Release|x64
		{0F78334F-EA74-4C5C-8232-B7D329BE2226}.Release|x86.ActiveCfg = Release|x86
		{02F37695-7FA2-4C83-82D2-76FCFE468B38}.Debug|Any CPU.ActiveCfg = Debug|Any CPU
		{02F37695-7FA2-4C83-82D2-76FCFE468B38}.Debug|Mixed Platforms.ActiveCfg = Debug|x64
		{02F37695-7FA2-4C83-82D2-76FCFE468B38}.Debug|x64.ActiveCfg = Debug|x64
		{02F37695-7FA2-4C83-82D2-76FCFE468B38}.Debug|x64.Build.0 = Debug|x64
		{02F37695-7FA2-4C83-82D2-76FCFE468B38}.Debug|x86.ActiveCfg = Debug|x86
		{02F37695-7FA2-4C83-82D2-76FCFE468B38}.Debug|x86.Build.0 = Debug|x86
		{02F37695-7FA2-4C83-82D2-76FCFE468B38}.Release|Any CPU.ActiveCfg = Release|x86
		{02F37695-7FA2-4C83-82D2-76FCFE468B38}.Release|Mixed Platforms.ActiveCfg = Release|x86
		{02F37695-7FA2-4C83-82D2-76FCFE468B38}.Release|Mixed Platforms.Build.0 = Release|x86
		{02F37695-7FA2-4C83-82D2-76FCFE468B38}.Release|x64.ActiveCfg = Release|x64
		{02F37695-7FA2-4C83-82D2-76FCFE468B38}.Release|x64.Build.0 = Release|x64
		{02F37695-7FA2-4C83-82D2-76FCFE468B38}.Release|x86.ActiveCfg = Release|x86
		{02F37695-7FA2-4C83-82D2-76FCFE468B38}.Release|x86.Build.0 = Release|x86
		{15E5E5EE-B919-46B4-8B04-A323F6D01B66}.Debug|Any CPU.ActiveCfg = Debug|Any CPU
		{15E5E5EE-B919-46B4-8B04-A323F6D01B66}.Debug|Any CPU.Build.0 = Debug|Any CPU
		{15E5E5EE-B919-46B4-8B04-A323F6D01B66}.Debug|Mixed Platforms.ActiveCfg = Debug|Any CPU
		{15E5E5EE-B919-46B4-8B04-A323F6D01B66}.Debug|Mixed Platforms.Build.0 = Debug|Any CPU
		{15E5E5EE-B919-46B4-8B04-A323F6D01B66}.Debug|x64.ActiveCfg = Debug|x64
		{15E5E5EE-B919-46B4-8B04-A323F6D01B66}.Debug|x64.Build.0 = Debug|x64
		{15E5E5EE-B919-46B4-8B04-A323F6D01B66}.Debug|x86.ActiveCfg = Debug|x86
		{15E5E5EE-B919-46B4-8B04-A323F6D01B66}.Debug|x86.Build.0 = Debug|x86
		{15E5E5EE-B919-46B4-8B04-A323F6D01B66}.Release|Any CPU.ActiveCfg = Release|Any CPU
		{15E5E5EE-B919-46B4-8B04-A323F6D01B66}.Release|Any CPU.Build.0 = Release|Any CPU
		{15E5E5EE-B919-46B4-8B04-A323F6D01B66}.Release|Mixed Platforms.ActiveCfg = Release|x64
		{15E5E5EE-B919-46B4-8B04-A323F6D01B66}.Release|Mixed Platforms.Build.0 = Release|x64
		{15E5E5EE-B919-46B4-8B04-A323F6D01B66}.Release|x64.ActiveCfg = Release|x64
		{15E5E5EE-B919-46B4-8B04-A323F6D01B66}.Release|x64.Build.0 = Release|x64
		{15E5E5EE-B919-46B4-8B04-A323F6D01B66}.Release|x86.ActiveCfg = Release|x86
		{15E5E5EE-B919-46B4-8B04-A323F6D01B66}.Release|x86.Build.0 = Release|x86
	EndGlobalSection
	GlobalSection(SolutionProperties) = preSolution
		HideSolutionNode = FALSE
	EndGlobalSection
	GlobalSection(NestedProjects) = preSolution
		{9E257324-94E7-49AF-AE83-718288E925D8} = {618021F9-119A-4D63-8665-6706D3AA4B66}
		{39A51F96-9421-4146-B875-D704349A51F4} = {618021F9-119A-4D63-8665-6706D3AA4B66}
		{15E5E5EE-B919-46B4-8B04-A323F6D01B66} = {618021F9-119A-4D63-8665-6706D3AA4B66}
		{0F78334F-EA74-4C5C-8232-B7D329BE2226} = {EEE4C960-93E5-40EE-B827-75A33C1AF9A8}
		{02F37695-7FA2-4C83-82D2-76FCFE468B38} = {EEE4C960-93E5-40EE-B827-75A33C1AF9A8}
		{ADB528F1-B545-4A8E-87AF-D51C82DE3F06} = {7E895BE2-763D-4384-B17C-4EEC183D7479}
		{6846E259-C63E-44FA-B201-5381D2A590AB} = {7E895BE2-763D-4384-B17C-4EEC183D7479}
	EndGlobalSection
EndGlobal
