
Microsoft Visual Studio Solution File, Format Version 11.00
# Visual Studio 2010
Project("{2150E333-8FDC-42A3-9474-1A3956D46DE8}") = "Core", "Core", "{618021F9-119A-4D63-8665-6706D3AA4B66}"
EndProject
Project("{2150E333-8FDC-42A3-9474-1A3956D46DE8}") = "Tools", "Tools", "{EEE4C960-93E5-40EE-B827-75A33C1AF9A8}"
EndProject
Project("{2150E333-8FDC-42A3-9474-1A3956D46DE8}") = "Examples", "Examples", "{607FC35C-1C5F-40F8-82B9-193DC51B3C3F}"
EndProject
Project("{F2A71F9B-5D33-465A-A702-920D77279786}") = "ClrMethodAsJsFunction", "Examples\ClrMethodAsJsFunction\ClrMethodAsJsFunction.fsproj", "{2E03FAEE-5017-4D33-9A9C-510F1299A2DA}"
EndProject
Project("{FAE04EC0-301F-11D3-BF4B-00C04F79EFBC}") = "IronJS.CSharp", "Examples\IronJS.CSharp\IronJS.CSharp.csproj", "{733289F9-02DD-435F-94BA-18D5DFC96582}"
EndProject
Project("{F2A71F9B-5D33-465A-A702-920D77279786}") = "DelegateAsJsFunction", "Examples\DelegateAsJsFunction\DelegateAsJsFunction.fsproj", "{405AFE01-D9C2-4C44-8D20-911801F94F69}"
EndProject
Project("{F2A71F9B-5D33-465A-A702-920D77279786}") = "IronJS", "Core\IronJS\IronJS.fsproj", "{9E257324-94E7-49AF-AE83-718288E925D8}"
EndProject
Project("{F2A71F9B-5D33-465A-A702-920D77279786}") = "IronJS.Compiler", "Core\IronJS.Compiler\IronJS.Compiler.fsproj", "{81BFB688-1621-42D6-9062-093865A185D3}"
EndProject
Project("{F2A71F9B-5D33-465A-A702-920D77279786}") = "IronJS.Runtime", "Core\IronJS.Runtime\IronJS.Runtime.fsproj", "{BA1D9FB7-B9EB-4F11-9148-1C0BFDF8C74E}"
EndProject
Project("{F2A71F9B-5D33-465A-A702-920D77279786}") = "IronJS.REPL", "Tools\IronJS.REPL\IronJS.REPL.fsproj", "{0F78334F-EA74-4C5C-8232-B7D329BE2226}"
EndProject
Project("{2150E333-8FDC-42A3-9474-1A3956D46DE8}") = "Tests", "Tests", "{70301587-0DE5-4FA4-B618-C050ACE585A1}"
EndProject
Project("{F2A71F9B-5D33-465A-A702-920D77279786}") = "IronJS.Tests", "Tests\IronJS.Tests\IronJS.Tests.fsproj", "{F5B7A320-BE95-4CEF-9169-0A84B9F6C60B}"
EndProject
Project("{FAE04EC0-301F-11D3-BF4B-00C04F79EFBC}") = "IronJS.DevUI", "Tools\IronJS.DevUI\IronJS.DevUI.csproj", "{02F37695-7FA2-4C83-82D2-76FCFE468B38}"
EndProject
Project("{2150E333-8FDC-42A3-9474-1A3956D46DE8}") = "Files", "Files", "{E1FD7E34-0226-4F0F-A1AA-725194A9A73A}"
	ProjectSection(SolutionItems) = preProject
		..\LICENSE.txt = ..\LICENSE.txt
		Files\Testing.html = Files\Testing.html
		Files\TODO.txt = Files\TODO.txt
	EndProjectSection
EndProject
Project("{FAE04EC0-301F-11D3-BF4B-00C04F79EFBC}") = "CodeGen", "Core\IronJS\CodeGen\CodeGen.csproj", "{90E51379-F4DE-4AF0-A0CE-1465892D31E9}"
EndProject
Global
	GlobalSection(SolutionConfigurationPlatforms) = preSolution
		Debug|Any CPU = Debug|Any CPU
		Debug|Mixed Platforms = Debug|Mixed Platforms
		Debug|x64 = Debug|x64
		Debug|x86 = Debug|x86
		Release|Any CPU = Release|Any CPU
		Release|Mixed Platforms = Release|Mixed Platforms
		Release|x64 = Release|x64
		Release|x86 = Release|x86
	EndGlobalSection
	GlobalSection(ProjectConfigurationPlatforms) = postSolution
		{2E03FAEE-5017-4D33-9A9C-510F1299A2DA}.Debug|Any CPU.ActiveCfg = Debug|x86
		{2E03FAEE-5017-4D33-9A9C-510F1299A2DA}.Debug|Mixed Platforms.ActiveCfg = Debug|x86
		{2E03FAEE-5017-4D33-9A9C-510F1299A2DA}.Debug|Mixed Platforms.Build.0 = Debug|x86
		{2E03FAEE-5017-4D33-9A9C-510F1299A2DA}.Debug|x64.ActiveCfg = Debug|x64
		{2E03FAEE-5017-4D33-9A9C-510F1299A2DA}.Debug|x86.ActiveCfg = Debug|x86
		{2E03FAEE-5017-4D33-9A9C-510F1299A2DA}.Release|Any CPU.ActiveCfg = Release|x86
		{2E03FAEE-5017-4D33-9A9C-510F1299A2DA}.Release|Mixed Platforms.ActiveCfg = Release|x86
		{2E03FAEE-5017-4D33-9A9C-510F1299A2DA}.Release|Mixed Platforms.Build.0 = Release|x86
		{2E03FAEE-5017-4D33-9A9C-510F1299A2DA}.Release|x64.ActiveCfg = Release|x64
		{2E03FAEE-5017-4D33-9A9C-510F1299A2DA}.Release|x86.ActiveCfg = Release|x86
		{733289F9-02DD-435F-94BA-18D5DFC96582}.Debug|Any CPU.ActiveCfg = Debug|x64
		{733289F9-02DD-435F-94BA-18D5DFC96582}.Debug|Mixed Platforms.ActiveCfg = Debug|x64
		{733289F9-02DD-435F-94BA-18D5DFC96582}.Debug|Mixed Platforms.Build.0 = Debug|x64
		{733289F9-02DD-435F-94BA-18D5DFC96582}.Debug|x64.ActiveCfg = Debug|x64
		{733289F9-02DD-435F-94BA-18D5DFC96582}.Debug|x86.ActiveCfg = Debug|x86
		{733289F9-02DD-435F-94BA-18D5DFC96582}.Release|Any CPU.ActiveCfg = Release|x64
		{733289F9-02DD-435F-94BA-18D5DFC96582}.Release|Mixed Platforms.ActiveCfg = Release|x64
		{733289F9-02DD-435F-94BA-18D5DFC96582}.Release|Mixed Platforms.Build.0 = Release|x64
		{733289F9-02DD-435F-94BA-18D5DFC96582}.Release|x64.ActiveCfg = Release|x64
		{733289F9-02DD-435F-94BA-18D5DFC96582}.Release|x86.ActiveCfg = Release|x86
		{405AFE01-D9C2-4C44-8D20-911801F94F69}.Debug|Any CPU.ActiveCfg = Debug|x86
		{405AFE01-D9C2-4C44-8D20-911801F94F69}.Debug|Mixed Platforms.ActiveCfg = Debug|x86
		{405AFE01-D9C2-4C44-8D20-911801F94F69}.Debug|Mixed Platforms.Build.0 = Debug|x86
		{405AFE01-D9C2-4C44-8D20-911801F94F69}.Debug|x64.ActiveCfg = Debug|x64
		{405AFE01-D9C2-4C44-8D20-911801F94F69}.Debug|x86.ActiveCfg = Debug|x86
		{405AFE01-D9C2-4C44-8D20-911801F94F69}.Release|Any CPU.ActiveCfg = Release|x86
		{405AFE01-D9C2-4C44-8D20-911801F94F69}.Release|Mixed Platforms.ActiveCfg = Release|x86
		{405AFE01-D9C2-4C44-8D20-911801F94F69}.Release|Mixed Platforms.Build.0 = Release|x86
		{405AFE01-D9C2-4C44-8D20-911801F94F69}.Release|x64.ActiveCfg = Release|x64
		{405AFE01-D9C2-4C44-8D20-911801F94F69}.Release|x86.ActiveCfg = Release|x86
		{9E257324-94E7-49AF-AE83-718288E925D8}.Debug|Any CPU.ActiveCfg = Debug|Any CPU
		{9E257324-94E7-49AF-AE83-718288E925D8}.Debug|Any CPU.Build.0 = Debug|Any CPU
		{9E257324-94E7-49AF-AE83-718288E925D8}.Debug|Mixed Platforms.ActiveCfg = Debug|x86
		{9E257324-94E7-49AF-AE83-718288E925D8}.Debug|Mixed Platforms.Build.0 = Debug|x86
		{9E257324-94E7-49AF-AE83-718288E925D8}.Debug|x64.ActiveCfg = Debug|x64
		{9E257324-94E7-49AF-AE83-718288E925D8}.Debug|x64.Build.0 = Debug|x64
		{9E257324-94E7-49AF-AE83-718288E925D8}.Debug|x86.ActiveCfg = Debug|x86
		{9E257324-94E7-49AF-AE83-718288E925D8}.Debug|x86.Build.0 = Debug|x86
		{9E257324-94E7-49AF-AE83-718288E925D8}.Release|Any CPU.ActiveCfg = Release|Any CPU
		{9E257324-94E7-49AF-AE83-718288E925D8}.Release|Any CPU.Build.0 = Release|Any CPU
		{9E257324-94E7-49AF-AE83-718288E925D8}.Release|Mixed Platforms.ActiveCfg = Release|x86
		{9E257324-94E7-49AF-AE83-718288E925D8}.Release|Mixed Platforms.Build.0 = Release|x86
		{9E257324-94E7-49AF-AE83-718288E925D8}.Release|x64.ActiveCfg = Release|x64
		{9E257324-94E7-49AF-AE83-718288E925D8}.Release|x64.Build.0 = Release|x64
		{9E257324-94E7-49AF-AE83-718288E925D8}.Release|x86.ActiveCfg = Release|x86
		{9E257324-94E7-49AF-AE83-718288E925D8}.Release|x86.Build.0 = Release|x86
		{81BFB688-1621-42D6-9062-093865A185D3}.Debug|Any CPU.ActiveCfg = Debug|Any CPU
		{81BFB688-1621-42D6-9062-093865A185D3}.Debug|Any CPU.Build.0 = Debug|Any CPU
		{81BFB688-1621-42D6-9062-093865A185D3}.Debug|Mixed Platforms.ActiveCfg = Debug|x86
		{81BFB688-1621-42D6-9062-093865A185D3}.Debug|Mixed Platforms.Build.0 = Debug|x86
		{81BFB688-1621-42D6-9062-093865A185D3}.Debug|x64.ActiveCfg = Debug|x64
		{81BFB688-1621-42D6-9062-093865A185D3}.Debug|x64.Build.0 = Debug|x64
		{81BFB688-1621-42D6-9062-093865A185D3}.Debug|x86.ActiveCfg = Debug|x86
		{81BFB688-1621-42D6-9062-093865A185D3}.Debug|x86.Build.0 = Debug|x86
		{81BFB688-1621-42D6-9062-093865A185D3}.Release|Any CPU.ActiveCfg = Release|Any CPU
		{81BFB688-1621-42D6-9062-093865A185D3}.Release|Any CPU.Build.0 = Release|Any CPU
		{81BFB688-1621-42D6-9062-093865A185D3}.Release|Mixed Platforms.ActiveCfg = Release|x86
		{81BFB688-1621-42D6-9062-093865A185D3}.Release|Mixed Platforms.Build.0 = Release|x86
		{81BFB688-1621-42D6-9062-093865A185D3}.Release|x64.ActiveCfg = Release|x64
		{81BFB688-1621-42D6-9062-093865A185D3}.Release|x64.Build.0 = Release|x64
		{81BFB688-1621-42D6-9062-093865A185D3}.Release|x86.ActiveCfg = Release|x86
		{81BFB688-1621-42D6-9062-093865A185D3}.Release|x86.Build.0 = Release|x86
		{BA1D9FB7-B9EB-4F11-9148-1C0BFDF8C74E}.Debug|Any CPU.ActiveCfg = Debug|Any CPU
		{BA1D9FB7-B9EB-4F11-9148-1C0BFDF8C74E}.Debug|Any CPU.Build.0 = Debug|Any CPU
		{BA1D9FB7-B9EB-4F11-9148-1C0BFDF8C74E}.Debug|Mixed Platforms.ActiveCfg = Debug|x86
		{BA1D9FB7-B9EB-4F11-9148-1C0BFDF8C74E}.Debug|Mixed Platforms.Build.0 = Debug|x86
		{BA1D9FB7-B9EB-4F11-9148-1C0BFDF8C74E}.Debug|x64.ActiveCfg = Debug|x64
		{BA1D9FB7-B9EB-4F11-9148-1C0BFDF8C74E}.Debug|x64.Build.0 = Debug|x64
		{BA1D9FB7-B9EB-4F11-9148-1C0BFDF8C74E}.Debug|x86.ActiveCfg = Debug|x86
		{BA1D9FB7-B9EB-4F11-9148-1C0BFDF8C74E}.Debug|x86.Build.0 = Debug|x86
		{BA1D9FB7-B9EB-4F11-9148-1C0BFDF8C74E}.Release|Any CPU.ActiveCfg = Release|Any CPU
		{BA1D9FB7-B9EB-4F11-9148-1C0BFDF8C74E}.Release|Any CPU.Build.0 = Release|Any CPU
		{BA1D9FB7-B9EB-4F11-9148-1C0BFDF8C74E}.Release|Mixed Platforms.ActiveCfg = Release|x86
		{BA1D9FB7-B9EB-4F11-9148-1C0BFDF8C74E}.Release|Mixed Platforms.Build.0 = Release|x86
		{BA1D9FB7-B9EB-4F11-9148-1C0BFDF8C74E}.Release|x64.ActiveCfg = Release|x64
		{BA1D9FB7-B9EB-4F11-9148-1C0BFDF8C74E}.Release|x64.Build.0 = Release|x64
		{BA1D9FB7-B9EB-4F11-9148-1C0BFDF8C74E}.Release|x86.ActiveCfg = Release|x86
		{BA1D9FB7-B9EB-4F11-9148-1C0BFDF8C74E}.Release|x86.Build.0 = Release|x86
		{0F78334F-EA74-4C5C-8232-B7D329BE2226}.Debug|Any CPU.ActiveCfg = Debug|Any CPU
		{0F78334F-EA74-4C5C-8232-B7D329BE2226}.Debug|Any CPU.Build.0 = Debug|Any CPU
		{0F78334F-EA74-4C5C-8232-B7D329BE2226}.Debug|Mixed Platforms.ActiveCfg = Debug|Any CPU
		{0F78334F-EA74-4C5C-8232-B7D329BE2226}.Debug|Mixed Platforms.Build.0 = Debug|Any CPU
		{0F78334F-EA74-4C5C-8232-B7D329BE2226}.Debug|x64.ActiveCfg = Debug|x64
		{0F78334F-EA74-4C5C-8232-B7D329BE2226}.Debug|x64.Build.0 = Debug|x64
		{0F78334F-EA74-4C5C-8232-B7D329BE2226}.Debug|x86.ActiveCfg = Debug|x86
		{0F78334F-EA74-4C5C-8232-B7D329BE2226}.Debug|x86.Build.0 = Debug|x86
		{0F78334F-EA74-4C5C-8232-B7D329BE2226}.Release|Any CPU.ActiveCfg = Release|Any CPU
		{0F78334F-EA74-4C5C-8232-B7D329BE2226}.Release|Any CPU.Build.0 = Release|Any CPU
		{0F78334F-EA74-4C5C-8232-B7D329BE2226}.Release|Mixed Platforms.ActiveCfg = Release|Any CPU
		{0F78334F-EA74-4C5C-8232-B7D329BE2226}.Release|Mixed Platforms.Build.0 = Release|Any CPU
		{0F78334F-EA74-4C5C-8232-B7D329BE2226}.Release|x64.ActiveCfg = Release|x64
		{0F78334F-EA74-4C5C-8232-B7D329BE2226}.Release|x64.Build.0 = Release|x64
		{0F78334F-EA74-4C5C-8232-B7D329BE2226}.Release|x86.ActiveCfg = Release|x86
		{0F78334F-EA74-4C5C-8232-B7D329BE2226}.Release|x86.Build.0 = Release|x86
		{F5B7A320-BE95-4CEF-9169-0A84B9F6C60B}.Debug|Any CPU.ActiveCfg = Debug|Any CPU
		{F5B7A320-BE95-4CEF-9169-0A84B9F6C60B}.Debug|Any CPU.Build.0 = Debug|Any CPU
		{F5B7A320-BE95-4CEF-9169-0A84B9F6C60B}.Debug|Mixed Platforms.ActiveCfg = Debug|x64
		{F5B7A320-BE95-4CEF-9169-0A84B9F6C60B}.Debug|Mixed Platforms.Build.0 = Debug|x64
		{F5B7A320-BE95-4CEF-9169-0A84B9F6C60B}.Debug|x64.ActiveCfg = Debug|x64
		{F5B7A320-BE95-4CEF-9169-0A84B9F6C60B}.Debug|x86.ActiveCfg = Debug|x86
		{F5B7A320-BE95-4CEF-9169-0A84B9F6C60B}.Release|Any CPU.ActiveCfg = Release|Any CPU
		{F5B7A320-BE95-4CEF-9169-0A84B9F6C60B}.Release|Any CPU.Build.0 = Release|Any CPU
		{F5B7A320-BE95-4CEF-9169-0A84B9F6C60B}.Release|Mixed Platforms.ActiveCfg = Release|x64
		{F5B7A320-BE95-4CEF-9169-0A84B9F6C60B}.Release|Mixed Platforms.Build.0 = Release|x64
		{F5B7A320-BE95-4CEF-9169-0A84B9F6C60B}.Release|x64.ActiveCfg = Release|x64
		{F5B7A320-BE95-4CEF-9169-0A84B9F6C60B}.Release|x86.ActiveCfg = Release|x86
		{02F37695-7FA2-4C83-82D2-76FCFE468B38}.Debug|Any CPU.ActiveCfg = Debug|x86
		{02F37695-7FA2-4C83-82D2-76FCFE468B38}.Debug|Mixed Platforms.ActiveCfg = Debug|x86
		{02F37695-7FA2-4C83-82D2-76FCFE468B38}.Debug|Mixed Platforms.Build.0 = Debug|x86
		{02F37695-7FA2-4C83-82D2-76FCFE468B38}.Debug|x64.ActiveCfg = Debug|x86
		{02F37695-7FA2-4C83-82D2-76FCFE468B38}.Debug|x64.Build.0 = Debug|x86
		{02F37695-7FA2-4C83-82D2-76FCFE468B38}.Debug|x86.ActiveCfg = Debug|x86
		{02F37695-7FA2-4C83-82D2-76FCFE468B38}.Debug|x86.Build.0 = Debug|x86
		{02F37695-7FA2-4C83-82D2-76FCFE468B38}.Release|Any CPU.ActiveCfg = Release|x86
		{02F37695-7FA2-4C83-82D2-76FCFE468B38}.Release|Mixed Platforms.ActiveCfg = Release|x86
		{02F37695-7FA2-4C83-82D2-76FCFE468B38}.Release|Mixed Platforms.Build.0 = Release|x86
		{02F37695-7FA2-4C83-82D2-76FCFE468B38}.Release|x64.ActiveCfg = Release|x86
		{02F37695-7FA2-4C83-82D2-76FCFE468B38}.Release|x64.Build.0 = Release|x86
		{02F37695-7FA2-4C83-82D2-76FCFE468B38}.Release|x86.ActiveCfg = Release|x86
		{02F37695-7FA2-4C83-82D2-76FCFE468B38}.Release|x86.Build.0 = Release|x86
		{90E51379-F4DE-4AF0-A0CE-1465892D31E9}.Debug|Any CPU.ActiveCfg = Debug|Any CPU
		{90E51379-F4DE-4AF0-A0CE-1465892D31E9}.Debug|Any CPU.Build.0 = Debug|Any CPU
		{90E51379-F4DE-4AF0-A0CE-1465892D31E9}.Debug|Mixed Platforms.ActiveCfg = Debug|Any CPU
		{90E51379-F4DE-4AF0-A0CE-1465892D31E9}.Debug|Mixed Platforms.Build.0 = Debug|Any CPU
		{90E51379-F4DE-4AF0-A0CE-1465892D31E9}.Debug|x64.ActiveCfg = Debug|x64
		{90E51379-F4DE-4AF0-A0CE-1465892D31E9}.Debug|x64.Build.0 = Debug|x64
		{90E51379-F4DE-4AF0-A0CE-1465892D31E9}.Debug|x86.ActiveCfg = Debug|x86
		{90E51379-F4DE-4AF0-A0CE-1465892D31E9}.Debug|x86.Build.0 = Debug|x86
		{90E51379-F4DE-4AF0-A0CE-1465892D31E9}.Release|Any CPU.ActiveCfg = Release|Any CPU
		{90E51379-F4DE-4AF0-A0CE-1465892D31E9}.Release|Any CPU.Build.0 = Release|Any CPU
		{90E51379-F4DE-4AF0-A0CE-1465892D31E9}.Release|Mixed Platforms.ActiveCfg = Release|Any CPU
		{90E51379-F4DE-4AF0-A0CE-1465892D31E9}.Release|Mixed Platforms.Build.0 = Release|Any CPU
		{90E51379-F4DE-4AF0-A0CE-1465892D31E9}.Release|x64.ActiveCfg = Release|x64
		{90E51379-F4DE-4AF0-A0CE-1465892D31E9}.Release|x64.Build.0 = Release|x64
		{90E51379-F4DE-4AF0-A0CE-1465892D31E9}.Release|x86.ActiveCfg = Release|x86
		{90E51379-F4DE-4AF0-A0CE-1465892D31E9}.Release|x86.Build.0 = Release|x86
	EndGlobalSection
	GlobalSection(SolutionProperties) = preSolution
		HideSolutionNode = FALSE
	EndGlobalSection
	GlobalSection(NestedProjects) = preSolution
		{9E257324-94E7-49AF-AE83-718288E925D8} = {618021F9-119A-4D63-8665-6706D3AA4B66}
		{81BFB688-1621-42D6-9062-093865A185D3} = {618021F9-119A-4D63-8665-6706D3AA4B66}
		{BA1D9FB7-B9EB-4F11-9148-1C0BFDF8C74E} = {618021F9-119A-4D63-8665-6706D3AA4B66}
		{90E51379-F4DE-4AF0-A0CE-1465892D31E9} = {618021F9-119A-4D63-8665-6706D3AA4B66}
		{0F78334F-EA74-4C5C-8232-B7D329BE2226} = {EEE4C960-93E5-40EE-B827-75A33C1AF9A8}
		{02F37695-7FA2-4C83-82D2-76FCFE468B38} = {EEE4C960-93E5-40EE-B827-75A33C1AF9A8}
		{2E03FAEE-5017-4D33-9A9C-510F1299A2DA} = {607FC35C-1C5F-40F8-82B9-193DC51B3C3F}
		{733289F9-02DD-435F-94BA-18D5DFC96582} = {607FC35C-1C5F-40F8-82B9-193DC51B3C3F}
		{405AFE01-D9C2-4C44-8D20-911801F94F69} = {607FC35C-1C5F-40F8-82B9-193DC51B3C3F}
		{F5B7A320-BE95-4CEF-9169-0A84B9F6C60B} = {70301587-0DE5-4FA4-B618-C050ACE585A1}
	EndGlobalSection
EndGlobal
