
Microsoft Visual Studio Solution File, Format Version 11.00
# Visual Studio 2010
Project("{F2A71F9B-5D33-465A-A702-920D77279786}") = "IronJS.REPL", "IronJS.REPL\IronJS.REPL.fsproj", "{0F78334F-EA74-4C5C-8232-B7D329BE2226}"
EndProject
Project("{F2A71F9B-5D33-465A-A702-920D77279786}") = "IronJS", "IronJS\IronJS.fsproj", "{9E257324-94E7-49AF-AE83-718288E925D8}"
EndProject
Project("{F2A71F9B-5D33-465A-A702-920D77279786}") = "IronJS.Tests", "IronJS.Tests\IronJS.Tests.fsproj", "{F5B7A320-BE95-4CEF-9169-0A84B9F6C60B}"
EndProject
Project("{F2A71F9B-5D33-465A-A702-920D77279786}") = "IronJS.Compiler", "IronJS.Compiler\IronJS.Compiler.fsproj", "{81BFB688-1621-42D6-9062-093865A185D3}"
EndProject
Project("{F2A71F9B-5D33-465A-A702-920D77279786}") = "IronJS.Runtime", "IronJS.Runtime\IronJS.Runtime.fsproj", "{BA1D9FB7-B9EB-4F11-9148-1C0BFDF8C74E}"
EndProject
Project("{2150E333-8FDC-42A3-9474-1A3956D46DE8}") = "Core", "Core", "{618021F9-119A-4D63-8665-6706D3AA4B66}"
EndProject
Project("{F2A71F9B-5D33-465A-A702-920D77279786}") = "IronJS.Dev", "IronJS.Dev\IronJS.Dev.fsproj", "{DE1CD6AE-3829-4546-B46A-AFD6DEE78EE1}"
EndProject
Project("{FAE04EC0-301F-11D3-BF4B-00C04F79EFBC}") = "IronJS.CSharp", "IronJS.CSharp\IronJS.CSharp.csproj", "{733289F9-02DD-435F-94BA-18D5DFC96582}"
EndProject
Global
	GlobalSection(SolutionConfigurationPlatforms) = preSolution
		Debug|Any CPU = Debug|Any CPU
		Debug|Mixed Platforms = Debug|Mixed Platforms
		Debug|x64 = Debug|x64
		Debug|x86 = Debug|x86
		Release|Any CPU = Release|Any CPU
		Release|Mixed Platforms = Release|Mixed Platforms
		Release|x64 = Release|x64
		Release|x86 = Release|x86
	EndGlobalSection
	GlobalSection(ProjectConfigurationPlatforms) = postSolution
		{0F78334F-EA74-4C5C-8232-B7D329BE2226}.Debug|Any CPU.ActiveCfg = Debug|Any CPU
		{0F78334F-EA74-4C5C-8232-B7D329BE2226}.Debug|Any CPU.Build.0 = Debug|Any CPU
		{0F78334F-EA74-4C5C-8232-B7D329BE2226}.Debug|Mixed Platforms.ActiveCfg = Debug|x64
		{0F78334F-EA74-4C5C-8232-B7D329BE2226}.Debug|Mixed Platforms.Build.0 = Debug|x64
		{0F78334F-EA74-4C5C-8232-B7D329BE2226}.Debug|x64.ActiveCfg = Debug|x64
		{0F78334F-EA74-4C5C-8232-B7D329BE2226}.Debug|x64.Build.0 = Debug|x64
		{0F78334F-EA74-4C5C-8232-B7D329BE2226}.Debug|x86.ActiveCfg = Debug|x86
		{0F78334F-EA74-4C5C-8232-B7D329BE2226}.Debug|x86.Build.0 = Debug|x86
		{0F78334F-EA74-4C5C-8232-B7D329BE2226}.Release|Any CPU.ActiveCfg = Release|x64
		{0F78334F-EA74-4C5C-8232-B7D329BE2226}.Release|Mixed Platforms.ActiveCfg = Release|x64
		{0F78334F-EA74-4C5C-8232-B7D329BE2226}.Release|Mixed Platforms.Build.0 = Release|x64
		{0F78334F-EA74-4C5C-8232-B7D329BE2226}.Release|x64.ActiveCfg = Release|x64
		{0F78334F-EA74-4C5C-8232-B7D329BE2226}.Release|x64.Build.0 = Release|x64
		{0F78334F-EA74-4C5C-8232-B7D329BE2226}.Release|x86.ActiveCfg = Release|x86
		{0F78334F-EA74-4C5C-8232-B7D329BE2226}.Release|x86.Build.0 = Release|x86
		{9E257324-94E7-49AF-AE83-718288E925D8}.Debug|Any CPU.ActiveCfg = Debug|Any CPU
		{9E257324-94E7-49AF-AE83-718288E925D8}.Debug|Any CPU.Build.0 = Debug|Any CPU
		{9E257324-94E7-49AF-AE83-718288E925D8}.Debug|Mixed Platforms.ActiveCfg = Debug|Any CPU
		{9E257324-94E7-49AF-AE83-718288E925D8}.Debug|Mixed Platforms.Build.0 = Debug|Any CPU
		{9E257324-94E7-49AF-AE83-718288E925D8}.Debug|x64.ActiveCfg = Debug|x64
		{9E257324-94E7-49AF-AE83-718288E925D8}.Debug|x64.Build.0 = Debug|x64
		{9E257324-94E7-49AF-AE83-718288E925D8}.Debug|x86.ActiveCfg = Debug|x86
		{9E257324-94E7-49AF-AE83-718288E925D8}.Debug|x86.Build.0 = Debug|x86
		{9E257324-94E7-49AF-AE83-718288E925D8}.Release|Any CPU.ActiveCfg = Release|Any CPU
		{9E257324-94E7-49AF-AE83-718288E925D8}.Release|Any CPU.Build.0 = Release|Any CPU
		{9E257324-94E7-49AF-AE83-718288E925D8}.Release|Mixed Platforms.ActiveCfg = Release|x64
		{9E257324-94E7-49AF-AE83-718288E925D8}.Release|Mixed Platforms.Build.0 = Release|x64
		{9E257324-94E7-49AF-AE83-718288E925D8}.Release|x64.ActiveCfg = Release|x64
		{9E257324-94E7-49AF-AE83-718288E925D8}.Release|x64.Build.0 = Release|x64
		{9E257324-94E7-49AF-AE83-718288E925D8}.Release|x86.ActiveCfg = Release|x86
		{9E257324-94E7-49AF-AE83-718288E925D8}.Release|x86.Build.0 = Release|x86
		{F5B7A320-BE95-4CEF-9169-0A84B9F6C60B}.Debug|Any CPU.ActiveCfg = Debug|Any CPU
		{F5B7A320-BE95-4CEF-9169-0A84B9F6C60B}.Debug|Mixed Platforms.ActiveCfg = Debug|x86
		{F5B7A320-BE95-4CEF-9169-0A84B9F6C60B}.Debug|Mixed Platforms.Build.0 = Debug|x86
		{F5B7A320-BE95-4CEF-9169-0A84B9F6C60B}.Debug|x64.ActiveCfg = Debug|x64
		{F5B7A320-BE95-4CEF-9169-0A84B9F6C60B}.Debug|x64.Build.0 = Debug|x64
		{F5B7A320-BE95-4CEF-9169-0A84B9F6C60B}.Debug|x86.ActiveCfg = Debug|x86
		{F5B7A320-BE95-4CEF-9169-0A84B9F6C60B}.Debug|x86.Build.0 = Debug|x86
		{F5B7A320-BE95-4CEF-9169-0A84B9F6C60B}.Release|Any CPU.ActiveCfg = Release|x86
		{F5B7A320-BE95-4CEF-9169-0A84B9F6C60B}.Release|Mixed Platforms.ActiveCfg = Release|x86
		{F5B7A320-BE95-4CEF-9169-0A84B9F6C60B}.Release|Mixed Platforms.Build.0 = Release|x86
		{F5B7A320-BE95-4CEF-9169-0A84B9F6C60B}.Release|x64.ActiveCfg = Release|x64
		{F5B7A320-BE95-4CEF-9169-0A84B9F6C60B}.Release|x64.Build.0 = Release|x64
		{F5B7A320-BE95-4CEF-9169-0A84B9F6C60B}.Release|x86.ActiveCfg = Release|x86
		{F5B7A320-BE95-4CEF-9169-0A84B9F6C60B}.Release|x86.Build.0 = Release|x86
		{81BFB688-1621-42D6-9062-093865A185D3}.Debug|Any CPU.ActiveCfg = Debug|Any CPU
		{81BFB688-1621-42D6-9062-093865A185D3}.Debug|Any CPU.Build.0 = Debug|Any CPU
		{81BFB688-1621-42D6-9062-093865A185D3}.Debug|Mixed Platforms.ActiveCfg = Debug|Any CPU
		{81BFB688-1621-42D6-9062-093865A185D3}.Debug|Mixed Platforms.Build.0 = Debug|Any CPU
		{81BFB688-1621-42D6-9062-093865A185D3}.Debug|x64.ActiveCfg = Debug|x64
		{81BFB688-1621-42D6-9062-093865A185D3}.Debug|x64.Build.0 = Debug|x64
		{81BFB688-1621-42D6-9062-093865A185D3}.Debug|x86.ActiveCfg = Debug|x86
		{81BFB688-1621-42D6-9062-093865A185D3}.Debug|x86.Build.0 = Debug|x86
		{81BFB688-1621-42D6-9062-093865A185D3}.Release|Any CPU.ActiveCfg = Release|Any CPU
		{81BFB688-1621-42D6-9062-093865A185D3}.Release|Any CPU.Build.0 = Release|Any CPU
		{81BFB688-1621-42D6-9062-093865A185D3}.Release|Mixed Platforms.ActiveCfg = Release|Any CPU
		{81BFB688-1621-42D6-9062-093865A185D3}.Release|Mixed Platforms.Build.0 = Release|Any CPU
		{81BFB688-1621-42D6-9062-093865A185D3}.Release|x64.ActiveCfg = Release|x64
		{81BFB688-1621-42D6-9062-093865A185D3}.Release|x64.Build.0 = Release|x64
		{81BFB688-1621-42D6-9062-093865A185D3}.Release|x86.ActiveCfg = Release|x86
		{81BFB688-1621-42D6-9062-093865A185D3}.Release|x86.Build.0 = Release|x86
		{BA1D9FB7-B9EB-4F11-9148-1C0BFDF8C74E}.Debug|Any CPU.ActiveCfg = Debug|Any CPU
		{BA1D9FB7-B9EB-4F11-9148-1C0BFDF8C74E}.Debug|Any CPU.Build.0 = Debug|Any CPU
		{BA1D9FB7-B9EB-4F11-9148-1C0BFDF8C74E}.Debug|Mixed Platforms.ActiveCfg = Debug|Any CPU
		{BA1D9FB7-B9EB-4F11-9148-1C0BFDF8C74E}.Debug|Mixed Platforms.Build.0 = Debug|Any CPU
		{BA1D9FB7-B9EB-4F11-9148-1C0BFDF8C74E}.Debug|x64.ActiveCfg = Debug|x64
		{BA1D9FB7-B9EB-4F11-9148-1C0BFDF8C74E}.Debug|x64.Build.0 = Debug|x64
		{BA1D9FB7-B9EB-4F11-9148-1C0BFDF8C74E}.Debug|x86.ActiveCfg = Debug|x86
		{BA1D9FB7-B9EB-4F11-9148-1C0BFDF8C74E}.Debug|x86.Build.0 = Debug|x86
		{BA1D9FB7-B9EB-4F11-9148-1C0BFDF8C74E}.Release|Any CPU.ActiveCfg = Release|Any CPU
		{BA1D9FB7-B9EB-4F11-9148-1C0BFDF8C74E}.Release|Any CPU.Build.0 = Release|Any CPU
		{BA1D9FB7-B9EB-4F11-9148-1C0BFDF8C74E}.Release|Mixed Platforms.ActiveCfg = Release|Any CPU
		{BA1D9FB7-B9EB-4F11-9148-1C0BFDF8C74E}.Release|Mixed Platforms.Build.0 = Release|Any CPU
		{BA1D9FB7-B9EB-4F11-9148-1C0BFDF8C74E}.Release|x64.ActiveCfg = Release|x64
		{BA1D9FB7-B9EB-4F11-9148-1C0BFDF8C74E}.Release|x64.Build.0 = Release|x64
		{BA1D9FB7-B9EB-4F11-9148-1C0BFDF8C74E}.Release|x86.ActiveCfg = Release|x86
		{BA1D9FB7-B9EB-4F11-9148-1C0BFDF8C74E}.Release|x86.Build.0 = Release|x86
		{DE1CD6AE-3829-4546-B46A-AFD6DEE78EE1}.Debug|Any CPU.ActiveCfg = Debug|x86
		{DE1CD6AE-3829-4546-B46A-AFD6DEE78EE1}.Debug|Mixed Platforms.ActiveCfg = Debug|x86
		{DE1CD6AE-3829-4546-B46A-AFD6DEE78EE1}.Debug|Mixed Platforms.Build.0 = Debug|x86
		{DE1CD6AE-3829-4546-B46A-AFD6DEE78EE1}.Debug|x64.ActiveCfg = Debug|x64
		{DE1CD6AE-3829-4546-B46A-AFD6DEE78EE1}.Debug|x64.Build.0 = Debug|x64
		{DE1CD6AE-3829-4546-B46A-AFD6DEE78EE1}.Debug|x86.ActiveCfg = Debug|x86
		{DE1CD6AE-3829-4546-B46A-AFD6DEE78EE1}.Debug|x86.Build.0 = Debug|x86
		{DE1CD6AE-3829-4546-B46A-AFD6DEE78EE1}.Release|Any CPU.ActiveCfg = Release|x86
		{DE1CD6AE-3829-4546-B46A-AFD6DEE78EE1}.Release|Mixed Platforms.ActiveCfg = Release|x86
		{DE1CD6AE-3829-4546-B46A-AFD6DEE78EE1}.Release|Mixed Platforms.Build.0 = Release|x86
		{DE1CD6AE-3829-4546-B46A-AFD6DEE78EE1}.Release|x64.ActiveCfg = Release|x64
		{DE1CD6AE-3829-4546-B46A-AFD6DEE78EE1}.Release|x64.Build.0 = Release|x64
		{DE1CD6AE-3829-4546-B46A-AFD6DEE78EE1}.Release|x86.ActiveCfg = Release|x86
		{DE1CD6AE-3829-4546-B46A-AFD6DEE78EE1}.Release|x86.Build.0 = Release|x86
		{733289F9-02DD-435F-94BA-18D5DFC96582}.Debug|Any CPU.ActiveCfg = Debug|x86
		{733289F9-02DD-435F-94BA-18D5DFC96582}.Debug|Mixed Platforms.ActiveCfg = Debug|x86
		{733289F9-02DD-435F-94BA-18D5DFC96582}.Debug|Mixed Platforms.Build.0 = Debug|x86
		{733289F9-02DD-435F-94BA-18D5DFC96582}.Debug|x64.ActiveCfg = Debug|x86
		{733289F9-02DD-435F-94BA-18D5DFC96582}.Debug|x86.ActiveCfg = Debug|x86
		{733289F9-02DD-435F-94BA-18D5DFC96582}.Debug|x86.Build.0 = Debug|x86
		{733289F9-02DD-435F-94BA-18D5DFC96582}.Release|Any CPU.ActiveCfg = Release|x86
		{733289F9-02DD-435F-94BA-18D5DFC96582}.Release|Mixed Platforms.ActiveCfg = Release|x86
		{733289F9-02DD-435F-94BA-18D5DFC96582}.Release|Mixed Platforms.Build.0 = Release|x86
		{733289F9-02DD-435F-94BA-18D5DFC96582}.Release|x64.ActiveCfg = Release|x86
		{733289F9-02DD-435F-94BA-18D5DFC96582}.Release|x86.ActiveCfg = Release|x86
		{733289F9-02DD-435F-94BA-18D5DFC96582}.Release|x86.Build.0 = Release|x86
	EndGlobalSection
	GlobalSection(SolutionProperties) = preSolution
		HideSolutionNode = FALSE
	EndGlobalSection
	GlobalSection(NestedProjects) = preSolution
		{81BFB688-1621-42D6-9062-093865A185D3} = {618021F9-119A-4D63-8665-6706D3AA4B66}
		{BA1D9FB7-B9EB-4F11-9148-1C0BFDF8C74E} = {618021F9-119A-4D63-8665-6706D3AA4B66}
		{9E257324-94E7-49AF-AE83-718288E925D8} = {618021F9-119A-4D63-8665-6706D3AA4B66}
	EndGlobalSection
EndGlobal
